
Microsoft Visual Studio Solution File, Format Version 12.00
# Visual Studio Version 16
VisualStudioVersion = 16.0.31019.35
MinimumVisualStudioVersion = 10.0.40219.1
Project("{FAE04EC0-301F-11D3-BF4B-00C04F79EFBC}") = "PedigreeManagement", "PedigreeManagement.csproj", "{E3254992-C209-4999-B6C8-85CA177D937D}"
EndProject
Global
	GlobalSection(SolutionConfigurationPlatforms) = preSolution
		Debug|Any CPU = Debug|Any CPU
		Release|Any CPU = Release|Any CPU
	EndGlobalSection
	GlobalSection(ProjectConfigurationPlatforms) = postSolution
		{E3254992-C209-4999-B6C8-85CA177D937D}.Debug|Any CPU.ActiveCfg = Debug|Any CPU
		{E3254992-C209-4999-B6C8-85CA177D937D}.Debug|Any CPU.Build.0 = Debug|Any CPU
		{E3254992-C209-4999-B6C8-85CA177D937D}.Release|Any CPU.ActiveCfg = Release|Any CPU
		{E3254992-C209-4999-B6C8-85CA177D937D}.Release|Any CPU.Build.0 = Release|Any CPU
	EndGlobalSection
	GlobalSection(SolutionProperties) = preSolution
		HideSolutionNode = FALSE
	EndGlobalSection
	GlobalSection(ExtensibilityGlobals) = postSolution
		SolutionGuid = {D7609543-EFDC-4C18-9D44-918BB85CC60E}
	EndGlobalSection
EndGlobal
