
Microsoft Visual Studio Solution File, Format Version 12.00
# Visual Studio 15
VisualStudioVersion = 15.0.28307.168
MinimumVisualStudioVersion = 10.0.40219.1
Project("{54435603-DBB4-11D2-8724-00A0C9A8B90C}") = "PigeonIDSystemInstaller", "PigeonIDSystemInstaller\PigeonIDSystemInstaller.vdproj", "{FDEEA92A-561C-4CBB-8591-229D92AC93D2}"
EndProject
Global
	GlobalSection(SolutionConfigurationPlatforms) = preSolution
		Debug|Default = Debug|Default
		Release|Default = Release|Default
	EndGlobalSection
	GlobalSection(ProjectConfigurationPlatforms) = postSolution
		{FDEEA92A-561C-4CBB-8591-229D92AC93D2}.Debug|Default.ActiveCfg = Debug
		{FDEEA92A-561C-4CBB-8591-229D92AC93D2}.Debug|Default.Build.0 = Debug
		{FDEEA92A-561C-4CBB-8591-229D92AC93D2}.Release|Default.ActiveCfg = Release
		{FDEEA92A-561C-4CBB-8591-229D92AC93D2}.Release|Default.Build.0 = Release
	EndGlobalSection
	GlobalSection(SolutionProperties) = preSolution
		HideSolutionNode = FALSE
	EndGlobalSection
	GlobalSection(ExtensibilityGlobals) = postSolution
		SolutionGuid = {E364D295-B375-4232-8A20-5AE4237536DB}
	EndGlobalSection
EndGlobal
