
Microsoft Visual Studio Solution File, Format Version 12.00
# Visual Studio 14
VisualStudioVersion = 14.0.25420.1
MinimumVisualStudioVersion = 10.0.40219.1
Project("{2150E333-8FDC-42A3-9474-1A3956D46DE8}") = ".nuget", ".nuget", "{13CA3A32-BCD7-4D21-A1E9-0FD3A21FACCF}"
	ProjectSection(SolutionItems) = preProject
		.nuget\NuGet.Config = .nuget\NuGet.Config
		.nuget\NuGet.exe = .nuget\NuGet.exe
		.nuget\NuGet.targets = .nuget\NuGet.targets
	EndProjectSection
EndProject
Project("{FAE04EC0-301F-11D3-BF4B-00C04F79EFBC}") = "PegionClocking", "PegionClocking\PegionClocking.csproj", "{E5F8731C-A9B9-4EC6-B232-27523749DE57}"
EndProject
Project("{FAE04EC0-301F-11D3-BF4B-00C04F79EFBC}") = "MAVC IntegrationV2", "MAVC Integration V2\MAVC IntegrationV2.csproj", "{F02031DF-D523-4FB0-B5DD-A9AD242A43AD}"
EndProject
Project("{FAE04EC0-301F-11D3-BF4B-00C04F79EFBC}") = "Integrate_Inbox", "Integrate_Inbox\Integrate_Inbox.csproj", "{7A8DBFC1-791E-45C0-ACFD-8E66B3B8FA76}"
EndProject
Project("{FAE04EC0-301F-11D3-BF4B-00C04F79EFBC}") = "ProcessInbox", "ProcessInbox\ProcessInbox.csproj", "{1313B6B3-A6B0-47FE-B7CF-C985D218BD7F}"
EndProject
Project("{F184B08F-C81C-45F6-A57F-5ABD9991F28F}") = "SMS Pigeon Clocking", "SMS Pigeon Clocking\SMS Pigeon Clocking.vbproj", "{0514980A-6A6C-4161-A1B6-ADD8542F1698}"
EndProject
Project("{F184B08F-C81C-45F6-A57F-5ABD9991F28F}") = "SMSModule", "SMSModule\SMSModule.vbproj", "{7DAD7898-26FB-482C-AEF5-04F20D9C0599}"
EndProject
Project("{FAE04EC0-301F-11D3-BF4B-00C04F79EFBC}") = "MAVCPigeonClockingMobileApps", "MAVCPigeonClockingMobileApps\MAVCPigeonClockingMobileApps.csproj", "{C0FA2AF4-775B-454A-A53E-9D67BD0576EE}"
EndProject
Project("{FAE04EC0-301F-11D3-BF4B-00C04F79EFBC}") = "MavcPigeonClockingPortal", "MavcPigeonClockingPortal\MavcPigeonClockingPortal.csproj", "{FA6AD521-2B06-4D3B-937C-968C893AF9F1}"
EndProject
Project("{FAE04EC0-301F-11D3-BF4B-00C04F79EFBC}") = "Encryption", "Encryption\Encryption.csproj", "{6943EBC4-176C-4A9A-A76F-DB8926AA8849}"
EndProject
Project("{FAE04EC0-301F-11D3-BF4B-00C04F79EFBC}") = "SMSWindowService", "SMSWindowService\SMSWindowService.csproj", "{7C955877-BD4E-4C44-A058-700E120315DC}"
EndProject
Project("{FAE04EC0-301F-11D3-BF4B-00C04F79EFBC}") = "SMSWindowServeTest", "SMSWindowServeTest\SMSWindowServeTest.csproj", "{F90BF053-081A-458B-B85A-AD67618E4941}"
EndProject
Project("{FAE04EC0-301F-11D3-BF4B-00C04F79EFBC}") = "PortalApplication", "PortalApplication\PortalApplication.csproj", "{6F004C94-597A-4F6B-98B6-73FDA87A057D}"
EndProject
Project("{FAE04EC0-301F-11D3-BF4B-00C04F79EFBC}") = "WebRaceResult", "WebRaceResult\WebRaceResult.csproj", "{3A50C934-617D-4051-AFEE-A39B591510B1}"
EndProject
Project("{FAE04EC0-301F-11D3-BF4B-00C04F79EFBC}") = "GatewaySMSIntegration", "GatewaySMSIntegration\GatewaySMSIntegration.csproj", "{6AC93218-F7BC-4F5E-BC46-C840F4204826}"
EndProject
Project("{FAE04EC0-301F-11D3-BF4B-00C04F79EFBC}") = "DataAccess", "PegionClocking\DataAccess\DataAccess.csproj", "{4D63ECE3-668A-47EF-A936-A0C0CA2124AE}"
EndProject
Global
	GlobalSection(SolutionConfigurationPlatforms) = preSolution
		Debug|Any CPU = Debug|Any CPU
		Debug|Mixed Platforms = Debug|Mixed Platforms
		Debug|x86 = Debug|x86
		Release|Any CPU = Release|Any CPU
		Release|Mixed Platforms = Release|Mixed Platforms
		Release|x86 = Release|x86
	EndGlobalSection
	GlobalSection(ProjectConfigurationPlatforms) = postSolution
		{E5F8731C-A9B9-4EC6-B232-27523749DE57}.Debug|Any CPU.ActiveCfg = Debug|x86
		{E5F8731C-A9B9-4EC6-B232-27523749DE57}.Debug|Mixed Platforms.ActiveCfg = Debug|x86
		{E5F8731C-A9B9-4EC6-B232-27523749DE57}.Debug|Mixed Platforms.Build.0 = Debug|x86
		{E5F8731C-A9B9-4EC6-B232-27523749DE57}.Debug|x86.ActiveCfg = Debug|x86
		{E5F8731C-A9B9-4EC6-B232-27523749DE57}.Debug|x86.Build.0 = Debug|x86
		{E5F8731C-A9B9-4EC6-B232-27523749DE57}.Release|Any CPU.ActiveCfg = Release|x86
		{E5F8731C-A9B9-4EC6-B232-27523749DE57}.Release|Mixed Platforms.ActiveCfg = Release|x86
		{E5F8731C-A9B9-4EC6-B232-27523749DE57}.Release|Mixed Platforms.Build.0 = Release|x86
		{E5F8731C-A9B9-4EC6-B232-27523749DE57}.Release|x86.ActiveCfg = Release|x86
		{E5F8731C-A9B9-4EC6-B232-27523749DE57}.Release|x86.Build.0 = Release|x86
		{F02031DF-D523-4FB0-B5DD-A9AD242A43AD}.Debug|Any CPU.ActiveCfg = Debug|x86
		{F02031DF-D523-4FB0-B5DD-A9AD242A43AD}.Debug|Mixed Platforms.ActiveCfg = Debug|x86
		{F02031DF-D523-4FB0-B5DD-A9AD242A43AD}.Debug|Mixed Platforms.Build.0 = Debug|x86
		{F02031DF-D523-4FB0-B5DD-A9AD242A43AD}.Debug|x86.ActiveCfg = Debug|x86
		{F02031DF-D523-4FB0-B5DD-A9AD242A43AD}.Debug|x86.Build.0 = Debug|x86
		{F02031DF-D523-4FB0-B5DD-A9AD242A43AD}.Release|Any CPU.ActiveCfg = Release|x86
		{F02031DF-D523-4FB0-B5DD-A9AD242A43AD}.Release|Mixed Platforms.ActiveCfg = Release|x86
		{F02031DF-D523-4FB0-B5DD-A9AD242A43AD}.Release|Mixed Platforms.Build.0 = Release|x86
		{F02031DF-D523-4FB0-B5DD-A9AD242A43AD}.Release|x86.ActiveCfg = Release|x86
		{F02031DF-D523-4FB0-B5DD-A9AD242A43AD}.Release|x86.Build.0 = Release|x86
		{7A8DBFC1-791E-45C0-ACFD-8E66B3B8FA76}.Debug|Any CPU.ActiveCfg = Debug|x86
		{7A8DBFC1-791E-45C0-ACFD-8E66B3B8FA76}.Debug|Mixed Platforms.ActiveCfg = Debug|x86
		{7A8DBFC1-791E-45C0-ACFD-8E66B3B8FA76}.Debug|Mixed Platforms.Build.0 = Debug|x86
		{7A8DBFC1-791E-45C0-ACFD-8E66B3B8FA76}.Debug|x86.ActiveCfg = Debug|x86
		{7A8DBFC1-791E-45C0-ACFD-8E66B3B8FA76}.Debug|x86.Build.0 = Debug|x86
		{7A8DBFC1-791E-45C0-ACFD-8E66B3B8FA76}.Release|Any CPU.ActiveCfg = Release|x86
		{7A8DBFC1-791E-45C0-ACFD-8E66B3B8FA76}.Release|Mixed Platforms.ActiveCfg = Release|x86
		{7A8DBFC1-791E-45C0-ACFD-8E66B3B8FA76}.Release|Mixed Platforms.Build.0 = Release|x86
		{7A8DBFC1-791E-45C0-ACFD-8E66B3B8FA76}.Release|x86.ActiveCfg = Release|x86
		{7A8DBFC1-791E-45C0-ACFD-8E66B3B8FA76}.Release|x86.Build.0 = Release|x86
		{1313B6B3-A6B0-47FE-B7CF-C985D218BD7F}.Debug|Any CPU.ActiveCfg = Debug|x86
		{1313B6B3-A6B0-47FE-B7CF-C985D218BD7F}.Debug|Mixed Platforms.ActiveCfg = Debug|x86
		{1313B6B3-A6B0-47FE-B7CF-C985D218BD7F}.Debug|Mixed Platforms.Build.0 = Debug|x86
		{1313B6B3-A6B0-47FE-B7CF-C985D218BD7F}.Debug|x86.ActiveCfg = Debug|x86
		{1313B6B3-A6B0-47FE-B7CF-C985D218BD7F}.Debug|x86.Build.0 = Debug|x86
		{1313B6B3-A6B0-47FE-B7CF-C985D218BD7F}.Release|Any CPU.ActiveCfg = Release|x86
		{1313B6B3-A6B0-47FE-B7CF-C985D218BD7F}.Release|Mixed Platforms.ActiveCfg = Release|x86
		{1313B6B3-A6B0-47FE-B7CF-C985D218BD7F}.Release|Mixed Platforms.Build.0 = Release|x86
		{1313B6B3-A6B0-47FE-B7CF-C985D218BD7F}.Release|x86.ActiveCfg = Release|x86
		{1313B6B3-A6B0-47FE-B7CF-C985D218BD7F}.Release|x86.Build.0 = Release|x86
		{0514980A-6A6C-4161-A1B6-ADD8542F1698}.Debug|Any CPU.ActiveCfg = Debug|x86
		{0514980A-6A6C-4161-A1B6-ADD8542F1698}.Debug|Mixed Platforms.ActiveCfg = Debug|x86
		{0514980A-6A6C-4161-A1B6-ADD8542F1698}.Debug|Mixed Platforms.Build.0 = Debug|x86
		{0514980A-6A6C-4161-A1B6-ADD8542F1698}.Debug|x86.ActiveCfg = Debug|x86
		{0514980A-6A6C-4161-A1B6-ADD8542F1698}.Debug|x86.Build.0 = Debug|x86
		{0514980A-6A6C-4161-A1B6-ADD8542F1698}.Release|Any CPU.ActiveCfg = Release|x86
		{0514980A-6A6C-4161-A1B6-ADD8542F1698}.Release|Mixed Platforms.ActiveCfg = Release|x86
		{0514980A-6A6C-4161-A1B6-ADD8542F1698}.Release|Mixed Platforms.Build.0 = Release|x86
		{0514980A-6A6C-4161-A1B6-ADD8542F1698}.Release|x86.ActiveCfg = Release|x86
		{0514980A-6A6C-4161-A1B6-ADD8542F1698}.Release|x86.Build.0 = Release|x86
		{7DAD7898-26FB-482C-AEF5-04F20D9C0599}.Debug|Any CPU.ActiveCfg = Debug|Any CPU
		{7DAD7898-26FB-482C-AEF5-04F20D9C0599}.Debug|Any CPU.Build.0 = Debug|Any CPU
		{7DAD7898-26FB-482C-AEF5-04F20D9C0599}.Debug|Mixed Platforms.ActiveCfg = Debug|Any CPU
		{7DAD7898-26FB-482C-AEF5-04F20D9C0599}.Debug|Mixed Platforms.Build.0 = Debug|Any CPU
		{7DAD7898-26FB-482C-AEF5-04F20D9C0599}.Debug|x86.ActiveCfg = Debug|Any CPU
		{7DAD7898-26FB-482C-AEF5-04F20D9C0599}.Release|Any CPU.ActiveCfg = Release|Any CPU
		{7DAD7898-26FB-482C-AEF5-04F20D9C0599}.Release|Any CPU.Build.0 = Release|Any CPU
		{7DAD7898-26FB-482C-AEF5-04F20D9C0599}.Release|Mixed Platforms.ActiveCfg = Release|Any CPU
		{7DAD7898-26FB-482C-AEF5-04F20D9C0599}.Release|Mixed Platforms.Build.0 = Release|Any CPU
		{7DAD7898-26FB-482C-AEF5-04F20D9C0599}.Release|x86.ActiveCfg = Release|Any CPU
		{C0FA2AF4-775B-454A-A53E-9D67BD0576EE}.Debug|Any CPU.ActiveCfg = Debug|Any CPU
		{C0FA2AF4-775B-454A-A53E-9D67BD0576EE}.Debug|Any CPU.Build.0 = Debug|Any CPU
		{C0FA2AF4-775B-454A-A53E-9D67BD0576EE}.Debug|Mixed Platforms.ActiveCfg = Debug|Any CPU
		{C0FA2AF4-775B-454A-A53E-9D67BD0576EE}.Debug|Mixed Platforms.Build.0 = Debug|Any CPU
		{C0FA2AF4-775B-454A-A53E-9D67BD0576EE}.Debug|x86.ActiveCfg = Debug|Any CPU
		{C0FA2AF4-775B-454A-A53E-9D67BD0576EE}.Release|Any CPU.ActiveCfg = Release|Any CPU
		{C0FA2AF4-775B-454A-A53E-9D67BD0576EE}.Release|Any CPU.Build.0 = Release|Any CPU
		{C0FA2AF4-775B-454A-A53E-9D67BD0576EE}.Release|Mixed Platforms.ActiveCfg = Release|Any CPU
		{C0FA2AF4-775B-454A-A53E-9D67BD0576EE}.Release|Mixed Platforms.Build.0 = Release|Any CPU
		{C0FA2AF4-775B-454A-A53E-9D67BD0576EE}.Release|x86.ActiveCfg = Release|Any CPU
		{FA6AD521-2B06-4D3B-937C-968C893AF9F1}.Debug|Any CPU.ActiveCfg = Debug|Any CPU
		{FA6AD521-2B06-4D3B-937C-968C893AF9F1}.Debug|Any CPU.Build.0 = Debug|Any CPU
		{FA6AD521-2B06-4D3B-937C-968C893AF9F1}.Debug|Mixed Platforms.ActiveCfg = Debug|Any CPU
		{FA6AD521-2B06-4D3B-937C-968C893AF9F1}.Debug|Mixed Platforms.Build.0 = Debug|Any CPU
		{FA6AD521-2B06-4D3B-937C-968C893AF9F1}.Debug|x86.ActiveCfg = Debug|Any CPU
		{FA6AD521-2B06-4D3B-937C-968C893AF9F1}.Release|Any CPU.ActiveCfg = Release|Any CPU
		{FA6AD521-2B06-4D3B-937C-968C893AF9F1}.Release|Any CPU.Build.0 = Release|Any CPU
		{FA6AD521-2B06-4D3B-937C-968C893AF9F1}.Release|Mixed Platforms.ActiveCfg = Release|Any CPU
		{FA6AD521-2B06-4D3B-937C-968C893AF9F1}.Release|Mixed Platforms.Build.0 = Release|Any CPU
		{FA6AD521-2B06-4D3B-937C-968C893AF9F1}.Release|x86.ActiveCfg = Release|Any CPU
		{6943EBC4-176C-4A9A-A76F-DB8926AA8849}.Debug|Any CPU.ActiveCfg = Debug|x86
		{6943EBC4-176C-4A9A-A76F-DB8926AA8849}.Debug|Mixed Platforms.ActiveCfg = Debug|x86
		{6943EBC4-176C-4A9A-A76F-DB8926AA8849}.Debug|Mixed Platforms.Build.0 = Debug|x86
		{6943EBC4-176C-4A9A-A76F-DB8926AA8849}.Debug|x86.ActiveCfg = Debug|x86
		{6943EBC4-176C-4A9A-A76F-DB8926AA8849}.Debug|x86.Build.0 = Debug|x86
		{6943EBC4-176C-4A9A-A76F-DB8926AA8849}.Release|Any CPU.ActiveCfg = Release|x86
		{6943EBC4-176C-4A9A-A76F-DB8926AA8849}.Release|Mixed Platforms.ActiveCfg = Release|x86
		{6943EBC4-176C-4A9A-A76F-DB8926AA8849}.Release|Mixed Platforms.Build.0 = Release|x86
		{6943EBC4-176C-4A9A-A76F-DB8926AA8849}.Release|x86.ActiveCfg = Release|x86
		{6943EBC4-176C-4A9A-A76F-DB8926AA8849}.Release|x86.Build.0 = Release|x86
		{7C955877-BD4E-4C44-A058-700E120315DC}.Debug|Any CPU.ActiveCfg = Debug|x86
		{7C955877-BD4E-4C44-A058-700E120315DC}.Debug|Mixed Platforms.ActiveCfg = Debug|x86
		{7C955877-BD4E-4C44-A058-700E120315DC}.Debug|Mixed Platforms.Build.0 = Debug|x86
		{7C955877-BD4E-4C44-A058-700E120315DC}.Debug|x86.ActiveCfg = Debug|x86
		{7C955877-BD4E-4C44-A058-700E120315DC}.Debug|x86.Build.0 = Debug|x86
		{7C955877-BD4E-4C44-A058-700E120315DC}.Release|Any CPU.ActiveCfg = Release|x86
		{7C955877-BD4E-4C44-A058-700E120315DC}.Release|Mixed Platforms.ActiveCfg = Release|x86
		{7C955877-BD4E-4C44-A058-700E120315DC}.Release|Mixed Platforms.Build.0 = Release|x86
		{7C955877-BD4E-4C44-A058-700E120315DC}.Release|x86.ActiveCfg = Release|x86
		{7C955877-BD4E-4C44-A058-700E120315DC}.Release|x86.Build.0 = Release|x86
		{F90BF053-081A-458B-B85A-AD67618E4941}.Debug|Any CPU.ActiveCfg = Debug|x86
		{F90BF053-081A-458B-B85A-AD67618E4941}.Debug|Mixed Platforms.ActiveCfg = Debug|x86
		{F90BF053-081A-458B-B85A-AD67618E4941}.Debug|Mixed Platforms.Build.0 = Debug|x86
		{F90BF053-081A-458B-B85A-AD67618E4941}.Debug|x86.ActiveCfg = Debug|x86
		{F90BF053-081A-458B-B85A-AD67618E4941}.Debug|x86.Build.0 = Debug|x86
		{F90BF053-081A-458B-B85A-AD67618E4941}.Release|Any CPU.ActiveCfg = Release|x86
		{F90BF053-081A-458B-B85A-AD67618E4941}.Release|Mixed Platforms.ActiveCfg = Release|x86
		{F90BF053-081A-458B-B85A-AD67618E4941}.Release|Mixed Platforms.Build.0 = Release|x86
		{F90BF053-081A-458B-B85A-AD67618E4941}.Release|x86.ActiveCfg = Release|x86
		{F90BF053-081A-458B-B85A-AD67618E4941}.Release|x86.Build.0 = Release|x86
		{6F004C94-597A-4F6B-98B6-73FDA87A057D}.Debug|Any CPU.ActiveCfg = Debug|Any CPU
		{6F004C94-597A-4F6B-98B6-73FDA87A057D}.Debug|Any CPU.Build.0 = Debug|Any CPU
		{6F004C94-597A-4F6B-98B6-73FDA87A057D}.Debug|Mixed Platforms.ActiveCfg = Debug|Any CPU
		{6F004C94-597A-4F6B-98B6-73FDA87A057D}.Debug|Mixed Platforms.Build.0 = Debug|Any CPU
		{6F004C94-597A-4F6B-98B6-73FDA87A057D}.Debug|x86.ActiveCfg = Debug|Any CPU
		{6F004C94-597A-4F6B-98B6-73FDA87A057D}.Release|Any CPU.ActiveCfg = Release|Any CPU
		{6F004C94-597A-4F6B-98B6-73FDA87A057D}.Release|Any CPU.Build.0 = Release|Any CPU
		{6F004C94-597A-4F6B-98B6-73FDA87A057D}.Release|Mixed Platforms.ActiveCfg = Release|Any CPU
		{6F004C94-597A-4F6B-98B6-73FDA87A057D}.Release|Mixed Platforms.Build.0 = Release|Any CPU
		{6F004C94-597A-4F6B-98B6-73FDA87A057D}.Release|x86.ActiveCfg = Release|Any CPU
		{3A50C934-617D-4051-AFEE-A39B591510B1}.Debug|Any CPU.ActiveCfg = Debug|Any CPU
		{3A50C934-617D-4051-AFEE-A39B591510B1}.Debug|Any CPU.Build.0 = Debug|Any CPU
		{3A50C934-617D-4051-AFEE-A39B591510B1}.Debug|Mixed Platforms.ActiveCfg = Debug|Any CPU
		{3A50C934-617D-4051-AFEE-A39B591510B1}.Debug|Mixed Platforms.Build.0 = Debug|Any CPU
		{3A50C934-617D-4051-AFEE-A39B591510B1}.Debug|x86.ActiveCfg = Debug|Any CPU
		{3A50C934-617D-4051-AFEE-A39B591510B1}.Release|Any CPU.ActiveCfg = Release|Any CPU
		{3A50C934-617D-4051-AFEE-A39B591510B1}.Release|Any CPU.Build.0 = Release|Any CPU
		{3A50C934-617D-4051-AFEE-A39B591510B1}.Release|Mixed Platforms.ActiveCfg = Release|Any CPU
		{3A50C934-617D-4051-AFEE-A39B591510B1}.Release|Mixed Platforms.Build.0 = Release|Any CPU
		{3A50C934-617D-4051-AFEE-A39B591510B1}.Release|x86.ActiveCfg = Release|Any CPU
		{6AC93218-F7BC-4F5E-BC46-C840F4204826}.Debug|Any CPU.ActiveCfg = Debug|Any CPU
		{6AC93218-F7BC-4F5E-BC46-C840F4204826}.Debug|Any CPU.Build.0 = Debug|Any CPU
		{6AC93218-F7BC-4F5E-BC46-C840F4204826}.Debug|Mixed Platforms.ActiveCfg = Debug|Any CPU
		{6AC93218-F7BC-4F5E-BC46-C840F4204826}.Debug|Mixed Platforms.Build.0 = Debug|Any CPU
		{6AC93218-F7BC-4F5E-BC46-C840F4204826}.Debug|x86.ActiveCfg = Debug|Any CPU
		{6AC93218-F7BC-4F5E-BC46-C840F4204826}.Debug|x86.Build.0 = Debug|Any CPU
		{6AC93218-F7BC-4F5E-BC46-C840F4204826}.Release|Any CPU.ActiveCfg = Release|Any CPU
		{6AC93218-F7BC-4F5E-BC46-C840F4204826}.Release|Any CPU.Build.0 = Release|Any CPU
		{6AC93218-F7BC-4F5E-BC46-C840F4204826}.Release|Mixed Platforms.ActiveCfg = Release|Any CPU
		{6AC93218-F7BC-4F5E-BC46-C840F4204826}.Release|Mixed Platforms.Build.0 = Release|Any CPU
		{6AC93218-F7BC-4F5E-BC46-C840F4204826}.Release|x86.ActiveCfg = Release|Any CPU
		{6AC93218-F7BC-4F5E-BC46-C840F4204826}.Release|x86.Build.0 = Release|Any CPU
		{4D63ECE3-668A-47EF-A936-A0C0CA2124AE}.Debug|Any CPU.ActiveCfg = Debug|Any CPU
		{4D63ECE3-668A-47EF-A936-A0C0CA2124AE}.Debug|Any CPU.Build.0 = Debug|Any CPU
		{4D63ECE3-668A-47EF-A936-A0C0CA2124AE}.Debug|Mixed Platforms.ActiveCfg = Debug|Any CPU
		{4D63ECE3-668A-47EF-A936-A0C0CA2124AE}.Debug|Mixed Platforms.Build.0 = Debug|Any CPU
		{4D63ECE3-668A-47EF-A936-A0C0CA2124AE}.Debug|x86.ActiveCfg = Debug|Any CPU
		{4D63ECE3-668A-47EF-A936-A0C0CA2124AE}.Debug|x86.Build.0 = Debug|Any CPU
		{4D63ECE3-668A-47EF-A936-A0C0CA2124AE}.Release|Any CPU.ActiveCfg = Release|Any CPU
		{4D63ECE3-668A-47EF-A936-A0C0CA2124AE}.Release|Any CPU.Build.0 = Release|Any CPU
		{4D63ECE3-668A-47EF-A936-A0C0CA2124AE}.Release|Mixed Platforms.ActiveCfg = Release|Any CPU
		{4D63ECE3-668A-47EF-A936-A0C0CA2124AE}.Release|Mixed Platforms.Build.0 = Release|Any CPU
		{4D63ECE3-668A-47EF-A936-A0C0CA2124AE}.Release|x86.ActiveCfg = Release|Any CPU
		{4D63ECE3-668A-47EF-A936-A0C0CA2124AE}.Release|x86.Build.0 = Release|Any CPU
	EndGlobalSection
	GlobalSection(SolutionProperties) = preSolution
		HideSolutionNode = FALSE
	EndGlobalSection
EndGlobal
