
Microsoft Visual Studio Solution File, Format Version 12.00
# Visual Studio 15
VisualStudioVersion = 15.0.28307.572
MinimumVisualStudioVersion = 10.0.40219.1
Project("{FAE04EC0-301F-11D3-BF4B-00C04F79EFBC}") = "PKCMobileApps.Android", "PKCMobileApps\PKCMobileApps.Android\PKCMobileApps.Android.csproj", "{80B97B42-3129-454A-8D31-14F992AC3F81}"
EndProject
Project("{FAE04EC0-301F-11D3-BF4B-00C04F79EFBC}") = "PKCMobileApps.iOS", "PKCMobileApps\PKCMobileApps.iOS\PKCMobileApps.iOS.csproj", "{A7E7B9A9-C0E5-44FC-891E-2A7293AE0776}"
EndProject
Project("{FAE04EC0-301F-11D3-BF4B-00C04F79EFBC}") = "PKCMobileApps", "PKCMobileApps\PKCMobileApps\PKCMobileApps.csproj", "{2F203924-E61B-4503-B9E1-9F8E8F2ABB47}"
EndProject
Global
	GlobalSection(SolutionConfigurationPlatforms) = preSolution
		Ad-Hoc|Any CPU = Ad-Hoc|Any CPU
		Ad-Hoc|iPhone = Ad-Hoc|iPhone
		Ad-Hoc|iPhoneSimulator = Ad-Hoc|iPhoneSimulator
		AppStore|Any CPU = AppStore|Any CPU
		AppStore|iPhone = AppStore|iPhone
		AppStore|iPhoneSimulator = AppStore|iPhoneSimulator
		Debug|Any CPU = Debug|Any CPU
		Debug|iPhone = Debug|iPhone
		Debug|iPhoneSimulator = Debug|iPhoneSimulator
		Release|Any CPU = Release|Any CPU
		Release|iPhone = Release|iPhone
		Release|iPhoneSimulator = Release|iPhoneSimulator
	EndGlobalSection
	GlobalSection(ProjectConfigurationPlatforms) = postSolution
		{80B97B42-3129-454A-8D31-14F992AC3F81}.Ad-Hoc|Any CPU.ActiveCfg = Release|Any CPU
		{80B97B42-3129-454A-8D31-14F992AC3F81}.Ad-Hoc|Any CPU.Build.0 = Release|Any CPU
		{80B97B42-3129-454A-8D31-14F992AC3F81}.Ad-Hoc|Any CPU.Deploy.0 = Release|Any CPU
		{80B97B42-3129-454A-8D31-14F992AC3F81}.Ad-Hoc|iPhone.ActiveCfg = Release|Any CPU
		{80B97B42-3129-454A-8D31-14F992AC3F81}.Ad-Hoc|iPhone.Build.0 = Release|Any CPU
		{80B97B42-3129-454A-8D31-14F992AC3F81}.Ad-Hoc|iPhone.Deploy.0 = Release|Any CPU
		{80B97B42-3129-454A-8D31-14F992AC3F81}.Ad-Hoc|iPhoneSimulator.ActiveCfg = Release|Any CPU
		{80B97B42-3129-454A-8D31-14F992AC3F81}.Ad-Hoc|iPhoneSimulator.Build.0 = Release|Any CPU
		{80B97B42-3129-454A-8D31-14F992AC3F81}.Ad-Hoc|iPhoneSimulator.Deploy.0 = Release|Any CPU
		{80B97B42-3129-454A-8D31-14F992AC3F81}.AppStore|Any CPU.ActiveCfg = Release|Any CPU
		{80B97B42-3129-454A-8D31-14F992AC3F81}.AppStore|Any CPU.Build.0 = Release|Any CPU
		{80B97B42-3129-454A-8D31-14F992AC3F81}.AppStore|Any CPU.Deploy.0 = Release|Any CPU
		{80B97B42-3129-454A-8D31-14F992AC3F81}.AppStore|iPhone.ActiveCfg = Release|Any CPU
		{80B97B42-3129-454A-8D31-14F992AC3F81}.AppStore|iPhone.Build.0 = Release|Any CPU
		{80B97B42-3129-454A-8D31-14F992AC3F81}.AppStore|iPhone.Deploy.0 = Release|Any CPU
		{80B97B42-3129-454A-8D31-14F992AC3F81}.AppStore|iPhoneSimulator.ActiveCfg = Release|Any CPU
		{80B97B42-3129-454A-8D31-14F992AC3F81}.AppStore|iPhoneSimulator.Build.0 = Release|Any CPU
		{80B97B42-3129-454A-8D31-14F992AC3F81}.AppStore|iPhoneSimulator.Deploy.0 = Release|Any CPU
		{80B97B42-3129-454A-8D31-14F992AC3F81}.Debug|Any CPU.ActiveCfg = Debug|Any CPU
		{80B97B42-3129-454A-8D31-14F992AC3F81}.Debug|Any CPU.Build.0 = Debug|Any CPU
		{80B97B42-3129-454A-8D31-14F992AC3F81}.Debug|Any CPU.Deploy.0 = Debug|Any CPU
		{80B97B42-3129-454A-8D31-14F992AC3F81}.Debug|iPhone.ActiveCfg = Debug|Any CPU
		{80B97B42-3129-454A-8D31-14F992AC3F81}.Debug|iPhone.Build.0 = Debug|Any CPU
		{80B97B42-3129-454A-8D31-14F992AC3F81}.Debug|iPhone.Deploy.0 = Debug|Any CPU
		{80B97B42-3129-454A-8D31-14F992AC3F81}.Debug|iPhoneSimulator.ActiveCfg = Debug|Any CPU
		{80B97B42-3129-454A-8D31-14F992AC3F81}.Debug|iPhoneSimulator.Build.0 = Debug|Any CPU
		{80B97B42-3129-454A-8D31-14F992AC3F81}.Debug|iPhoneSimulator.Deploy.0 = Debug|Any CPU
		{80B97B42-3129-454A-8D31-14F992AC3F81}.Release|Any CPU.ActiveCfg = Release|Any CPU
		{80B97B42-3129-454A-8D31-14F992AC3F81}.Release|Any CPU.Build.0 = Release|Any CPU
		{80B97B42-3129-454A-8D31-14F992AC3F81}.Release|Any CPU.Deploy.0 = Release|Any CPU
		{80B97B42-3129-454A-8D31-14F992AC3F81}.Release|iPhone.ActiveCfg = Release|Any CPU
		{80B97B42-3129-454A-8D31-14F992AC3F81}.Release|iPhone.Build.0 = Release|Any CPU
		{80B97B42-3129-454A-8D31-14F992AC3F81}.Release|iPhone.Deploy.0 = Release|Any CPU
		{80B97B42-3129-454A-8D31-14F992AC3F81}.Release|iPhoneSimulator.ActiveCfg = Release|Any CPU
		{80B97B42-3129-454A-8D31-14F992AC3F81}.Release|iPhoneSimulator.Build.0 = Release|Any CPU
		{80B97B42-3129-454A-8D31-14F992AC3F81}.Release|iPhoneSimulator.Deploy.0 = Release|Any CPU
		{A7E7B9A9-C0E5-44FC-891E-2A7293AE0776}.Ad-Hoc|Any CPU.ActiveCfg = Ad-Hoc|iPhone
		{A7E7B9A9-C0E5-44FC-891E-2A7293AE0776}.Ad-Hoc|Any CPU.Build.0 = Ad-Hoc|iPhone
		{A7E7B9A9-C0E5-44FC-891E-2A7293AE0776}.Ad-Hoc|Any CPU.Deploy.0 = Ad-Hoc|iPhone
		{A7E7B9A9-C0E5-44FC-891E-2A7293AE0776}.Ad-Hoc|iPhone.ActiveCfg = Ad-Hoc|iPhone
		{A7E7B9A9-C0E5-44FC-891E-2A7293AE0776}.Ad-Hoc|iPhone.Build.0 = Ad-Hoc|iPhone
		{A7E7B9A9-C0E5-44FC-891E-2A7293AE0776}.Ad-Hoc|iPhone.Deploy.0 = Ad-Hoc|iPhone
		{A7E7B9A9-C0E5-44FC-891E-2A7293AE0776}.Ad-Hoc|iPhoneSimulator.ActiveCfg = Ad-Hoc|iPhoneSimulator
		{A7E7B9A9-C0E5-44FC-891E-2A7293AE0776}.Ad-Hoc|iPhoneSimulator.Build.0 = Ad-Hoc|iPhoneSimulator
		{A7E7B9A9-C0E5-44FC-891E-2A7293AE0776}.Ad-Hoc|iPhoneSimulator.Deploy.0 = Ad-Hoc|iPhoneSimulator
		{A7E7B9A9-C0E5-44FC-891E-2A7293AE0776}.AppStore|Any CPU.ActiveCfg = AppStore|iPhone
		{A7E7B9A9-C0E5-44FC-891E-2A7293AE0776}.AppStore|Any CPU.Build.0 = AppStore|iPhone
		{A7E7B9A9-C0E5-44FC-891E-2A7293AE0776}.AppStore|Any CPU.Deploy.0 = AppStore|iPhone
		{A7E7B9A9-C0E5-44FC-891E-2A7293AE0776}.AppStore|iPhone.ActiveCfg = AppStore|iPhone
		{A7E7B9A9-C0E5-44FC-891E-2A7293AE0776}.AppStore|iPhone.Build.0 = AppStore|iPhone
		{A7E7B9A9-C0E5-44FC-891E-2A7293AE0776}.AppStore|iPhone.Deploy.0 = AppStore|iPhone
		{A7E7B9A9-C0E5-44FC-891E-2A7293AE0776}.AppStore|iPhoneSimulator.ActiveCfg = AppStore|iPhoneSimulator
		{A7E7B9A9-C0E5-44FC-891E-2A7293AE0776}.AppStore|iPhoneSimulator.Build.0 = AppStore|iPhoneSimulator
		{A7E7B9A9-C0E5-44FC-891E-2A7293AE0776}.AppStore|iPhoneSimulator.Deploy.0 = AppStore|iPhoneSimulator
		{A7E7B9A9-C0E5-44FC-891E-2A7293AE0776}.Debug|Any CPU.ActiveCfg = Debug|iPhoneSimulator
		{A7E7B9A9-C0E5-44FC-891E-2A7293AE0776}.Debug|Any CPU.Build.0 = Debug|iPhoneSimulator
		{A7E7B9A9-C0E5-44FC-891E-2A7293AE0776}.Debug|Any CPU.Deploy.0 = Debug|iPhoneSimulator
		{A7E7B9A9-C0E5-44FC-891E-2A7293AE0776}.Debug|iPhone.ActiveCfg = Debug|iPhone
		{A7E7B9A9-C0E5-44FC-891E-2A7293AE0776}.Debug|iPhone.Build.0 = Debug|iPhone
		{A7E7B9A9-C0E5-44FC-891E-2A7293AE0776}.Debug|iPhone.Deploy.0 = Debug|iPhone
		{A7E7B9A9-C0E5-44FC-891E-2A7293AE0776}.Debug|iPhoneSimulator.ActiveCfg = Debug|iPhoneSimulator
		{A7E7B9A9-C0E5-44FC-891E-2A7293AE0776}.Debug|iPhoneSimulator.Build.0 = Debug|iPhoneSimulator
		{A7E7B9A9-C0E5-44FC-891E-2A7293AE0776}.Debug|iPhoneSimulator.Deploy.0 = Debug|iPhoneSimulator
		{A7E7B9A9-C0E5-44FC-891E-2A7293AE0776}.Release|Any CPU.ActiveCfg = Release|iPhone
		{A7E7B9A9-C0E5-44FC-891E-2A7293AE0776}.Release|Any CPU.Build.0 = Release|iPhone
		{A7E7B9A9-C0E5-44FC-891E-2A7293AE0776}.Release|Any CPU.Deploy.0 = Release|iPhone
		{A7E7B9A9-C0E5-44FC-891E-2A7293AE0776}.Release|iPhone.ActiveCfg = Release|iPhone
		{A7E7B9A9-C0E5-44FC-891E-2A7293AE0776}.Release|iPhone.Build.0 = Release|iPhone
		{A7E7B9A9-C0E5-44FC-891E-2A7293AE0776}.Release|iPhone.Deploy.0 = Release|iPhone
		{A7E7B9A9-C0E5-44FC-891E-2A7293AE0776}.Release|iPhoneSimulator.ActiveCfg = Release|iPhoneSimulator
		{A7E7B9A9-C0E5-44FC-891E-2A7293AE0776}.Release|iPhoneSimulator.Build.0 = Release|iPhoneSimulator
		{A7E7B9A9-C0E5-44FC-891E-2A7293AE0776}.Release|iPhoneSimulator.Deploy.0 = Release|iPhoneSimulator
		{2F203924-E61B-4503-B9E1-9F8E8F2ABB47}.Ad-Hoc|Any CPU.ActiveCfg = Debug|Any CPU
		{2F203924-E61B-4503-B9E1-9F8E8F2ABB47}.Ad-Hoc|Any CPU.Build.0 = Debug|Any CPU
		{2F203924-E61B-4503-B9E1-9F8E8F2ABB47}.Ad-Hoc|Any CPU.Deploy.0 = Debug|Any CPU
		{2F203924-E61B-4503-B9E1-9F8E8F2ABB47}.Ad-Hoc|iPhone.ActiveCfg = Debug|Any CPU
		{2F203924-E61B-4503-B9E1-9F8E8F2ABB47}.Ad-Hoc|iPhone.Build.0 = Debug|Any CPU
		{2F203924-E61B-4503-B9E1-9F8E8F2ABB47}.Ad-Hoc|iPhone.Deploy.0 = Debug|Any CPU
		{2F203924-E61B-4503-B9E1-9F8E8F2ABB47}.Ad-Hoc|iPhoneSimulator.ActiveCfg = Debug|Any CPU
		{2F203924-E61B-4503-B9E1-9F8E8F2ABB47}.Ad-Hoc|iPhoneSimulator.Build.0 = Debug|Any CPU
		{2F203924-E61B-4503-B9E1-9F8E8F2ABB47}.Ad-Hoc|iPhoneSimulator.Deploy.0 = Debug|Any CPU
		{2F203924-E61B-4503-B9E1-9F8E8F2ABB47}.AppStore|Any CPU.ActiveCfg = Debug|Any CPU
		{2F203924-E61B-4503-B9E1-9F8E8F2ABB47}.AppStore|Any CPU.Build.0 = Debug|Any CPU
		{2F203924-E61B-4503-B9E1-9F8E8F2ABB47}.AppStore|Any CPU.Deploy.0 = Debug|Any CPU
		{2F203924-E61B-4503-B9E1-9F8E8F2ABB47}.AppStore|iPhone.ActiveCfg = Debug|Any CPU
		{2F203924-E61B-4503-B9E1-9F8E8F2ABB47}.AppStore|iPhone.Build.0 = Debug|Any CPU
		{2F203924-E61B-4503-B9E1-9F8E8F2ABB47}.AppStore|iPhone.Deploy.0 = Debug|Any CPU
		{2F203924-E61B-4503-B9E1-9F8E8F2ABB47}.AppStore|iPhoneSimulator.ActiveCfg = Debug|Any CPU
		{2F203924-E61B-4503-B9E1-9F8E8F2ABB47}.AppStore|iPhoneSimulator.Build.0 = Debug|Any CPU
		{2F203924-E61B-4503-B9E1-9F8E8F2ABB47}.AppStore|iPhoneSimulator.Deploy.0 = Debug|Any CPU
		{2F203924-E61B-4503-B9E1-9F8E8F2ABB47}.Debug|Any CPU.ActiveCfg = Debug|Any CPU
		{2F203924-E61B-4503-B9E1-9F8E8F2ABB47}.Debug|Any CPU.Build.0 = Debug|Any CPU
		{2F203924-E61B-4503-B9E1-9F8E8F2ABB47}.Debug|Any CPU.Deploy.0 = Debug|Any CPU
		{2F203924-E61B-4503-B9E1-9F8E8F2ABB47}.Debug|iPhone.ActiveCfg = Debug|Any CPU
		{2F203924-E61B-4503-B9E1-9F8E8F2ABB47}.Debug|iPhone.Build.0 = Debug|Any CPU
		{2F203924-E61B-4503-B9E1-9F8E8F2ABB47}.Debug|iPhone.Deploy.0 = Debug|Any CPU
		{2F203924-E61B-4503-B9E1-9F8E8F2ABB47}.Debug|iPhoneSimulator.ActiveCfg = Debug|Any CPU
		{2F203924-E61B-4503-B9E1-9F8E8F2ABB47}.Debug|iPhoneSimulator.Build.0 = Debug|Any CPU
		{2F203924-E61B-4503-B9E1-9F8E8F2ABB47}.Debug|iPhoneSimulator.Deploy.0 = Debug|Any CPU
		{2F203924-E61B-4503-B9E1-9F8E8F2ABB47}.Release|Any CPU.ActiveCfg = Release|Any CPU
		{2F203924-E61B-4503-B9E1-9F8E8F2ABB47}.Release|Any CPU.Build.0 = Release|Any CPU
		{2F203924-E61B-4503-B9E1-9F8E8F2ABB47}.Release|Any CPU.Deploy.0 = Release|Any CPU
		{2F203924-E61B-4503-B9E1-9F8E8F2ABB47}.Release|iPhone.ActiveCfg = Release|Any CPU
		{2F203924-E61B-4503-B9E1-9F8E8F2ABB47}.Release|iPhone.Build.0 = Release|Any CPU
		{2F203924-E61B-4503-B9E1-9F8E8F2ABB47}.Release|iPhone.Deploy.0 = Release|Any CPU
		{2F203924-E61B-4503-B9E1-9F8E8F2ABB47}.Release|iPhoneSimulator.ActiveCfg = Release|Any CPU
		{2F203924-E61B-4503-B9E1-9F8E8F2ABB47}.Release|iPhoneSimulator.Build.0 = Release|Any CPU
		{2F203924-E61B-4503-B9E1-9F8E8F2ABB47}.Release|iPhoneSimulator.Deploy.0 = Release|Any CPU
	EndGlobalSection
	GlobalSection(SolutionProperties) = preSolution
		HideSolutionNode = FALSE
	EndGlobalSection
	GlobalSection(ExtensibilityGlobals) = postSolution
		SolutionGuid = {257001BD-9B1C-491B-AF7A-E86C05F34933}
	EndGlobalSection
EndGlobal
