
Microsoft Visual Studio Solution File, Format Version 12.00
# Visual Studio 14
VisualStudioVersion = 14.0.25420.1
MinimumVisualStudioVersion = 10.0.40219.1
Project("{FAE04EC0-301F-11D3-BF4B-00C04F79EFBC}") = "PegionClocking", "PegionClocking.csproj", "{E5F8731C-A9B9-4EC6-B232-27523749DE57}"
EndProject
Project("{FAE04EC0-301F-11D3-BF4B-00C04F79EFBC}") = "Integrate_Inbox", "..\Integrate_Inbox\Integrate_Inbox.csproj", "{7A8DBFC1-791E-45C0-ACFD-8E66B3B8FA76}"
EndProject
Project("{F184B08F-C81C-45F6-A57F-5ABD9991F28F}") = "SMS Pigeon Clocking", "..\SMS Pigeon Clocking\SMS Pigeon Clocking.vbproj", "{0514980A-6A6C-4161-A1B6-ADD8542F1698}"
EndProject
Project("{FAE04EC0-301F-11D3-BF4B-00C04F79EFBC}") = "SMSWindowService", "..\SMSWindowService\SMSWindowService.csproj", "{7C955877-BD4E-4C44-A058-700E120315DC}"
EndProject
Project("{F184B08F-C81C-45F6-A57F-5ABD9991F28F}") = "SMSModule", "..\SMSModule\SMSModule.vbproj", "{7DAD7898-26FB-482C-AEF5-04F20D9C0599}"
EndProject
Project("{2150E333-8FDC-42A3-9474-1A3956D46DE8}") = "Application", "Application", "{423B2B6A-E5F8-478C-8450-56AE2A6A791C}"
EndProject
Project("{2150E333-8FDC-42A3-9474-1A3956D46DE8}") = "Modules", "Modules", "{40896D34-3D05-4073-A71F-543284234FE5}"
EndProject
Project("{FAE04EC0-301F-11D3-BF4B-00C04F79EFBC}") = "Repository", "Repository\Repository.csproj", "{AA32D6DF-F804-4878-9EDD-C9BF79BD2FF1}"
EndProject
Project("{FAE04EC0-301F-11D3-BF4B-00C04F79EFBC}") = "BusinessImplementation", "BusinessImplementation\BusinessImplementation.csproj", "{17B4BCF6-56F4-4FE4-86CB-5E6F2E1F8012}"
EndProject
Project("{FAE04EC0-301F-11D3-BF4B-00C04F79EFBC}") = "MavcPigeonClockingPortal", "..\MavcPigeonClockingPortal\MavcPigeonClockingPortal.csproj", "{FA6AD521-2B06-4D3B-937C-968C893AF9F1}"
EndProject
Project("{FAE04EC0-301F-11D3-BF4B-00C04F79EFBC}") = "GatewaySMSIntegration", "..\GatewaySMSIntegration\GatewaySMSIntegration.csproj", "{6AC93218-F7BC-4F5E-BC46-C840F4204826}"
EndProject
Project("{FAE04EC0-301F-11D3-BF4B-00C04F79EFBC}") = "DataAccess", "DataAccess\DataAccess.csproj", "{4D63ECE3-668A-47EF-A936-A0C0CA2124AE}"
EndProject
Project("{2150E333-8FDC-42A3-9474-1A3956D46DE8}") = "Database", "Database", "{1DA012BC-7D4D-4B93-AFC4-AB3582260E45}"
EndProject
Project("{FAE04EC0-301F-11D3-BF4B-00C04F79EFBC}") = "Helper", "Helper\Helper.csproj", "{6ED5AA94-E068-44CE-B7AB-B8398479B034}"
EndProject
Project("{FAE04EC0-301F-11D3-BF4B-00C04F79EFBC}") = "Services", "Services\Services.csproj", "{34F524E9-D87B-4E48-8B2B-01FFC562A47F}"
EndProject
Project("{FAE04EC0-301F-11D3-BF4B-00C04F79EFBC}") = "SMSSolution", "..\SMSSolution\SMSSolution.csproj", "{3B92EAF7-283B-4D03-85A8-9A1CD41186EE}"
EndProject
Project("{FAE04EC0-301F-11D3-BF4B-00C04F79EFBC}") = "PigeonClockingAPI", "..\PigeonClockingAPI\PigeonClockingAPI.csproj", "{825678F9-332D-4157-9C41-A16D862030D6}"
EndProject
Project("{FAE04EC0-301F-11D3-BF4B-00C04F79EFBC}") = "PigeonClockingUser", "..\PigeonClockingUser\PigeonClockingUser.csproj", "{3B5DCE5E-81BB-44F2-A75F-70E12CAB1B5D}"
EndProject
Project("{FAE04EC0-301F-11D3-BF4B-00C04F79EFBC}") = "UpdateClub", "..\UpdateClub\UpdateClub.csproj", "{1151C61E-2D5A-4C51-9B24-665965FFBA2F}"
EndProject
Global
	GlobalSection(SolutionConfigurationPlatforms) = preSolution
		Debug|Any CPU = Debug|Any CPU
		Debug|ARM = Debug|ARM
		Debug|Mixed Platforms = Debug|Mixed Platforms
		Debug|x64 = Debug|x64
		Debug|x86 = Debug|x86
		Release|Any CPU = Release|Any CPU
		Release|ARM = Release|ARM
		Release|Mixed Platforms = Release|Mixed Platforms
		Release|x64 = Release|x64
		Release|x86 = Release|x86
	EndGlobalSection
	GlobalSection(ProjectConfigurationPlatforms) = postSolution
		{E5F8731C-A9B9-4EC6-B232-27523749DE57}.Debug|Any CPU.ActiveCfg = Debug|x86
		{E5F8731C-A9B9-4EC6-B232-27523749DE57}.Debug|ARM.ActiveCfg = Debug|x86
		{E5F8731C-A9B9-4EC6-B232-27523749DE57}.Debug|Mixed Platforms.ActiveCfg = Debug|x86
		{E5F8731C-A9B9-4EC6-B232-27523749DE57}.Debug|Mixed Platforms.Build.0 = Debug|x86
		{E5F8731C-A9B9-4EC6-B232-27523749DE57}.Debug|x64.ActiveCfg = Debug|x86
		{E5F8731C-A9B9-4EC6-B232-27523749DE57}.Debug|x86.ActiveCfg = Debug|x86
		{E5F8731C-A9B9-4EC6-B232-27523749DE57}.Debug|x86.Build.0 = Debug|x86
		{E5F8731C-A9B9-4EC6-B232-27523749DE57}.Release|Any CPU.ActiveCfg = Release|x86
		{E5F8731C-A9B9-4EC6-B232-27523749DE57}.Release|ARM.ActiveCfg = Release|x86
		{E5F8731C-A9B9-4EC6-B232-27523749DE57}.Release|Mixed Platforms.ActiveCfg = Release|x86
		{E5F8731C-A9B9-4EC6-B232-27523749DE57}.Release|Mixed Platforms.Build.0 = Release|x86
		{E5F8731C-A9B9-4EC6-B232-27523749DE57}.Release|x64.ActiveCfg = Release|x86
		{E5F8731C-A9B9-4EC6-B232-27523749DE57}.Release|x86.ActiveCfg = Release|x86
		{E5F8731C-A9B9-4EC6-B232-27523749DE57}.Release|x86.Build.0 = Release|x86
		{7A8DBFC1-791E-45C0-ACFD-8E66B3B8FA76}.Debug|Any CPU.ActiveCfg = Debug|x86
		{7A8DBFC1-791E-45C0-ACFD-8E66B3B8FA76}.Debug|ARM.ActiveCfg = Debug|x86
		{7A8DBFC1-791E-45C0-ACFD-8E66B3B8FA76}.Debug|Mixed Platforms.ActiveCfg = Debug|x86
		{7A8DBFC1-791E-45C0-ACFD-8E66B3B8FA76}.Debug|Mixed Platforms.Build.0 = Debug|x86
		{7A8DBFC1-791E-45C0-ACFD-8E66B3B8FA76}.Debug|x64.ActiveCfg = Debug|x86
		{7A8DBFC1-791E-45C0-ACFD-8E66B3B8FA76}.Debug|x86.ActiveCfg = Debug|x86
		{7A8DBFC1-791E-45C0-ACFD-8E66B3B8FA76}.Debug|x86.Build.0 = Debug|x86
		{7A8DBFC1-791E-45C0-ACFD-8E66B3B8FA76}.Release|Any CPU.ActiveCfg = Release|x86
		{7A8DBFC1-791E-45C0-ACFD-8E66B3B8FA76}.Release|ARM.ActiveCfg = Release|x86
		{7A8DBFC1-791E-45C0-ACFD-8E66B3B8FA76}.Release|Mixed Platforms.ActiveCfg = Release|x86
		{7A8DBFC1-791E-45C0-ACFD-8E66B3B8FA76}.Release|Mixed Platforms.Build.0 = Release|x86
		{7A8DBFC1-791E-45C0-ACFD-8E66B3B8FA76}.Release|x64.ActiveCfg = Release|x86
		{7A8DBFC1-791E-45C0-ACFD-8E66B3B8FA76}.Release|x86.ActiveCfg = Release|x86
		{7A8DBFC1-791E-45C0-ACFD-8E66B3B8FA76}.Release|x86.Build.0 = Release|x86
		{0514980A-6A6C-4161-A1B6-ADD8542F1698}.Debug|Any CPU.ActiveCfg = Debug|x86
		{0514980A-6A6C-4161-A1B6-ADD8542F1698}.Debug|ARM.ActiveCfg = Debug|x86
		{0514980A-6A6C-4161-A1B6-ADD8542F1698}.Debug|Mixed Platforms.ActiveCfg = Debug|x86
		{0514980A-6A6C-4161-A1B6-ADD8542F1698}.Debug|Mixed Platforms.Build.0 = Debug|x86
		{0514980A-6A6C-4161-A1B6-ADD8542F1698}.Debug|x64.ActiveCfg = Debug|x86
		{0514980A-6A6C-4161-A1B6-ADD8542F1698}.Debug|x86.ActiveCfg = Debug|x86
		{0514980A-6A6C-4161-A1B6-ADD8542F1698}.Debug|x86.Build.0 = Debug|x86
		{0514980A-6A6C-4161-A1B6-ADD8542F1698}.Release|Any CPU.ActiveCfg = Release|x86
		{0514980A-6A6C-4161-A1B6-ADD8542F1698}.Release|ARM.ActiveCfg = Release|x86
		{0514980A-6A6C-4161-A1B6-ADD8542F1698}.Release|Mixed Platforms.ActiveCfg = Release|x86
		{0514980A-6A6C-4161-A1B6-ADD8542F1698}.Release|Mixed Platforms.Build.0 = Release|x86
		{0514980A-6A6C-4161-A1B6-ADD8542F1698}.Release|x64.ActiveCfg = Release|x86
		{0514980A-6A6C-4161-A1B6-ADD8542F1698}.Release|x86.ActiveCfg = Release|x86
		{0514980A-6A6C-4161-A1B6-ADD8542F1698}.Release|x86.Build.0 = Release|x86
		{7C955877-BD4E-4C44-A058-700E120315DC}.Debug|Any CPU.ActiveCfg = Debug|x86
		{7C955877-BD4E-4C44-A058-700E120315DC}.Debug|ARM.ActiveCfg = Debug|x86
		{7C955877-BD4E-4C44-A058-700E120315DC}.Debug|Mixed Platforms.ActiveCfg = Debug|x86
		{7C955877-BD4E-4C44-A058-700E120315DC}.Debug|Mixed Platforms.Build.0 = Debug|x86
		{7C955877-BD4E-4C44-A058-700E120315DC}.Debug|x64.ActiveCfg = Debug|x86
		{7C955877-BD4E-4C44-A058-700E120315DC}.Debug|x86.ActiveCfg = Debug|x86
		{7C955877-BD4E-4C44-A058-700E120315DC}.Debug|x86.Build.0 = Debug|x86
		{7C955877-BD4E-4C44-A058-700E120315DC}.Release|Any CPU.ActiveCfg = Release|x86
		{7C955877-BD4E-4C44-A058-700E120315DC}.Release|ARM.ActiveCfg = Release|x86
		{7C955877-BD4E-4C44-A058-700E120315DC}.Release|Mixed Platforms.ActiveCfg = Release|x86
		{7C955877-BD4E-4C44-A058-700E120315DC}.Release|Mixed Platforms.Build.0 = Release|x86
		{7C955877-BD4E-4C44-A058-700E120315DC}.Release|x64.ActiveCfg = Release|x86
		{7C955877-BD4E-4C44-A058-700E120315DC}.Release|x86.ActiveCfg = Release|x86
		{7C955877-BD4E-4C44-A058-700E120315DC}.Release|x86.Build.0 = Release|x86
		{7DAD7898-26FB-482C-AEF5-04F20D9C0599}.Debug|Any CPU.ActiveCfg = Debug|Any CPU
		{7DAD7898-26FB-482C-AEF5-04F20D9C0599}.Debug|Any CPU.Build.0 = Debug|Any CPU
		{7DAD7898-26FB-482C-AEF5-04F20D9C0599}.Debug|ARM.ActiveCfg = Debug|Any CPU
		{7DAD7898-26FB-482C-AEF5-04F20D9C0599}.Debug|ARM.Build.0 = Debug|Any CPU
		{7DAD7898-26FB-482C-AEF5-04F20D9C0599}.Debug|Mixed Platforms.ActiveCfg = Debug|Any CPU
		{7DAD7898-26FB-482C-AEF5-04F20D9C0599}.Debug|Mixed Platforms.Build.0 = Debug|Any CPU
		{7DAD7898-26FB-482C-AEF5-04F20D9C0599}.Debug|x64.ActiveCfg = Debug|Any CPU
		{7DAD7898-26FB-482C-AEF5-04F20D9C0599}.Debug|x64.Build.0 = Debug|Any CPU
		{7DAD7898-26FB-482C-AEF5-04F20D9C0599}.Debug|x86.ActiveCfg = Debug|Any CPU
		{7DAD7898-26FB-482C-AEF5-04F20D9C0599}.Release|Any CPU.ActiveCfg = Release|Any CPU
		{7DAD7898-26FB-482C-AEF5-04F20D9C0599}.Release|Any CPU.Build.0 = Release|Any CPU
		{7DAD7898-26FB-482C-AEF5-04F20D9C0599}.Release|ARM.ActiveCfg = Release|Any CPU
		{7DAD7898-26FB-482C-AEF5-04F20D9C0599}.Release|ARM.Build.0 = Release|Any CPU
		{7DAD7898-26FB-482C-AEF5-04F20D9C0599}.Release|Mixed Platforms.ActiveCfg = Release|Any CPU
		{7DAD7898-26FB-482C-AEF5-04F20D9C0599}.Release|Mixed Platforms.Build.0 = Release|Any CPU
		{7DAD7898-26FB-482C-AEF5-04F20D9C0599}.Release|x64.ActiveCfg = Release|Any CPU
		{7DAD7898-26FB-482C-AEF5-04F20D9C0599}.Release|x64.Build.0 = Release|Any CPU
		{7DAD7898-26FB-482C-AEF5-04F20D9C0599}.Release|x86.ActiveCfg = Release|Any CPU
		{AA32D6DF-F804-4878-9EDD-C9BF79BD2FF1}.Debug|Any CPU.ActiveCfg = Debug|Any CPU
		{AA32D6DF-F804-4878-9EDD-C9BF79BD2FF1}.Debug|Any CPU.Build.0 = Debug|Any CPU
		{AA32D6DF-F804-4878-9EDD-C9BF79BD2FF1}.Debug|ARM.ActiveCfg = Debug|Any CPU
		{AA32D6DF-F804-4878-9EDD-C9BF79BD2FF1}.Debug|ARM.Build.0 = Debug|Any CPU
		{AA32D6DF-F804-4878-9EDD-C9BF79BD2FF1}.Debug|Mixed Platforms.ActiveCfg = Debug|Any CPU
		{AA32D6DF-F804-4878-9EDD-C9BF79BD2FF1}.Debug|Mixed Platforms.Build.0 = Debug|Any CPU
		{AA32D6DF-F804-4878-9EDD-C9BF79BD2FF1}.Debug|x64.ActiveCfg = Debug|Any CPU
		{AA32D6DF-F804-4878-9EDD-C9BF79BD2FF1}.Debug|x64.Build.0 = Debug|Any CPU
		{AA32D6DF-F804-4878-9EDD-C9BF79BD2FF1}.Debug|x86.ActiveCfg = Debug|Any CPU
		{AA32D6DF-F804-4878-9EDD-C9BF79BD2FF1}.Debug|x86.Build.0 = Debug|Any CPU
		{AA32D6DF-F804-4878-9EDD-C9BF79BD2FF1}.Release|Any CPU.ActiveCfg = Release|Any CPU
		{AA32D6DF-F804-4878-9EDD-C9BF79BD2FF1}.Release|Any CPU.Build.0 = Release|Any CPU
		{AA32D6DF-F804-4878-9EDD-C9BF79BD2FF1}.Release|ARM.ActiveCfg = Release|Any CPU
		{AA32D6DF-F804-4878-9EDD-C9BF79BD2FF1}.Release|ARM.Build.0 = Release|Any CPU
		{AA32D6DF-F804-4878-9EDD-C9BF79BD2FF1}.Release|Mixed Platforms.ActiveCfg = Release|Any CPU
		{AA32D6DF-F804-4878-9EDD-C9BF79BD2FF1}.Release|Mixed Platforms.Build.0 = Release|Any CPU
		{AA32D6DF-F804-4878-9EDD-C9BF79BD2FF1}.Release|x64.ActiveCfg = Release|Any CPU
		{AA32D6DF-F804-4878-9EDD-C9BF79BD2FF1}.Release|x64.Build.0 = Release|Any CPU
		{AA32D6DF-F804-4878-9EDD-C9BF79BD2FF1}.Release|x86.ActiveCfg = Release|Any CPU
		{AA32D6DF-F804-4878-9EDD-C9BF79BD2FF1}.Release|x86.Build.0 = Release|Any CPU
		{17B4BCF6-56F4-4FE4-86CB-5E6F2E1F8012}.Debug|Any CPU.ActiveCfg = Debug|Any CPU
		{17B4BCF6-56F4-4FE4-86CB-5E6F2E1F8012}.Debug|Any CPU.Build.0 = Debug|Any CPU
		{17B4BCF6-56F4-4FE4-86CB-5E6F2E1F8012}.Debug|ARM.ActiveCfg = Debug|Any CPU
		{17B4BCF6-56F4-4FE4-86CB-5E6F2E1F8012}.Debug|ARM.Build.0 = Debug|Any CPU
		{17B4BCF6-56F4-4FE4-86CB-5E6F2E1F8012}.Debug|Mixed Platforms.ActiveCfg = Debug|Any CPU
		{17B4BCF6-56F4-4FE4-86CB-5E6F2E1F8012}.Debug|Mixed Platforms.Build.0 = Debug|Any CPU
		{17B4BCF6-56F4-4FE4-86CB-5E6F2E1F8012}.Debug|x64.ActiveCfg = Debug|Any CPU
		{17B4BCF6-56F4-4FE4-86CB-5E6F2E1F8012}.Debug|x64.Build.0 = Debug|Any CPU
		{17B4BCF6-56F4-4FE4-86CB-5E6F2E1F8012}.Debug|x86.ActiveCfg = Debug|Any CPU
		{17B4BCF6-56F4-4FE4-86CB-5E6F2E1F8012}.Debug|x86.Build.0 = Debug|Any CPU
		{17B4BCF6-56F4-4FE4-86CB-5E6F2E1F8012}.Release|Any CPU.ActiveCfg = Release|Any CPU
		{17B4BCF6-56F4-4FE4-86CB-5E6F2E1F8012}.Release|Any CPU.Build.0 = Release|Any CPU
		{17B4BCF6-56F4-4FE4-86CB-5E6F2E1F8012}.Release|ARM.ActiveCfg = Release|Any CPU
		{17B4BCF6-56F4-4FE4-86CB-5E6F2E1F8012}.Release|ARM.Build.0 = Release|Any CPU
		{17B4BCF6-56F4-4FE4-86CB-5E6F2E1F8012}.Release|Mixed Platforms.ActiveCfg = Release|Any CPU
		{17B4BCF6-56F4-4FE4-86CB-5E6F2E1F8012}.Release|Mixed Platforms.Build.0 = Release|Any CPU
		{17B4BCF6-56F4-4FE4-86CB-5E6F2E1F8012}.Release|x64.ActiveCfg = Release|Any CPU
		{17B4BCF6-56F4-4FE4-86CB-5E6F2E1F8012}.Release|x64.Build.0 = Release|Any CPU
		{17B4BCF6-56F4-4FE4-86CB-5E6F2E1F8012}.Release|x86.ActiveCfg = Release|Any CPU
		{17B4BCF6-56F4-4FE4-86CB-5E6F2E1F8012}.Release|x86.Build.0 = Release|Any CPU
		{FA6AD521-2B06-4D3B-937C-968C893AF9F1}.Debug|Any CPU.ActiveCfg = Debug|Any CPU
		{FA6AD521-2B06-4D3B-937C-968C893AF9F1}.Debug|Any CPU.Build.0 = Debug|Any CPU
		{FA6AD521-2B06-4D3B-937C-968C893AF9F1}.Debug|ARM.ActiveCfg = Debug|Any CPU
		{FA6AD521-2B06-4D3B-937C-968C893AF9F1}.Debug|ARM.Build.0 = Debug|Any CPU
		{FA6AD521-2B06-4D3B-937C-968C893AF9F1}.Debug|Mixed Platforms.ActiveCfg = Debug|Any CPU
		{FA6AD521-2B06-4D3B-937C-968C893AF9F1}.Debug|Mixed Platforms.Build.0 = Debug|Any CPU
		{FA6AD521-2B06-4D3B-937C-968C893AF9F1}.Debug|x64.ActiveCfg = Debug|Any CPU
		{FA6AD521-2B06-4D3B-937C-968C893AF9F1}.Debug|x64.Build.0 = Debug|Any CPU
		{FA6AD521-2B06-4D3B-937C-968C893AF9F1}.Debug|x86.ActiveCfg = Debug|Any CPU
		{FA6AD521-2B06-4D3B-937C-968C893AF9F1}.Debug|x86.Build.0 = Debug|Any CPU
		{FA6AD521-2B06-4D3B-937C-968C893AF9F1}.Release|Any CPU.ActiveCfg = Release|Any CPU
		{FA6AD521-2B06-4D3B-937C-968C893AF9F1}.Release|Any CPU.Build.0 = Release|Any CPU
		{FA6AD521-2B06-4D3B-937C-968C893AF9F1}.Release|ARM.ActiveCfg = Release|Any CPU
		{FA6AD521-2B06-4D3B-937C-968C893AF9F1}.Release|ARM.Build.0 = Release|Any CPU
		{FA6AD521-2B06-4D3B-937C-968C893AF9F1}.Release|Mixed Platforms.ActiveCfg = Release|Any CPU
		{FA6AD521-2B06-4D3B-937C-968C893AF9F1}.Release|Mixed Platforms.Build.0 = Release|Any CPU
		{FA6AD521-2B06-4D3B-937C-968C893AF9F1}.Release|x64.ActiveCfg = Release|Any CPU
		{FA6AD521-2B06-4D3B-937C-968C893AF9F1}.Release|x64.Build.0 = Release|Any CPU
		{FA6AD521-2B06-4D3B-937C-968C893AF9F1}.Release|x86.ActiveCfg = Release|Any CPU
		{FA6AD521-2B06-4D3B-937C-968C893AF9F1}.Release|x86.Build.0 = Release|Any CPU
		{6AC93218-F7BC-4F5E-BC46-C840F4204826}.Debug|Any CPU.ActiveCfg = Debug|Any CPU
		{6AC93218-F7BC-4F5E-BC46-C840F4204826}.Debug|Any CPU.Build.0 = Debug|Any CPU
		{6AC93218-F7BC-4F5E-BC46-C840F4204826}.Debug|ARM.ActiveCfg = Debug|Any CPU
		{6AC93218-F7BC-4F5E-BC46-C840F4204826}.Debug|ARM.Build.0 = Debug|Any CPU
		{6AC93218-F7BC-4F5E-BC46-C840F4204826}.Debug|Mixed Platforms.ActiveCfg = Debug|Any CPU
		{6AC93218-F7BC-4F5E-BC46-C840F4204826}.Debug|Mixed Platforms.Build.0 = Debug|Any CPU
		{6AC93218-F7BC-4F5E-BC46-C840F4204826}.Debug|x64.ActiveCfg = Debug|Any CPU
		{6AC93218-F7BC-4F5E-BC46-C840F4204826}.Debug|x64.Build.0 = Debug|Any CPU
		{6AC93218-F7BC-4F5E-BC46-C840F4204826}.Debug|x86.ActiveCfg = Debug|Any CPU
		{6AC93218-F7BC-4F5E-BC46-C840F4204826}.Debug|x86.Build.0 = Debug|Any CPU
		{6AC93218-F7BC-4F5E-BC46-C840F4204826}.Release|Any CPU.ActiveCfg = Release|Any CPU
		{6AC93218-F7BC-4F5E-BC46-C840F4204826}.Release|Any CPU.Build.0 = Release|Any CPU
		{6AC93218-F7BC-4F5E-BC46-C840F4204826}.Release|ARM.ActiveCfg = Release|Any CPU
		{6AC93218-F7BC-4F5E-BC46-C840F4204826}.Release|ARM.Build.0 = Release|Any CPU
		{6AC93218-F7BC-4F5E-BC46-C840F4204826}.Release|Mixed Platforms.ActiveCfg = Release|Any CPU
		{6AC93218-F7BC-4F5E-BC46-C840F4204826}.Release|Mixed Platforms.Build.0 = Release|Any CPU
		{6AC93218-F7BC-4F5E-BC46-C840F4204826}.Release|x64.ActiveCfg = Release|Any CPU
		{6AC93218-F7BC-4F5E-BC46-C840F4204826}.Release|x64.Build.0 = Release|Any CPU
		{6AC93218-F7BC-4F5E-BC46-C840F4204826}.Release|x86.ActiveCfg = Release|Any CPU
		{6AC93218-F7BC-4F5E-BC46-C840F4204826}.Release|x86.Build.0 = Release|Any CPU
		{4D63ECE3-668A-47EF-A936-A0C0CA2124AE}.Debug|Any CPU.ActiveCfg = Debug|Any CPU
		{4D63ECE3-668A-47EF-A936-A0C0CA2124AE}.Debug|Any CPU.Build.0 = Debug|Any CPU
		{4D63ECE3-668A-47EF-A936-A0C0CA2124AE}.Debug|ARM.ActiveCfg = Debug|Any CPU
		{4D63ECE3-668A-47EF-A936-A0C0CA2124AE}.Debug|ARM.Build.0 = Debug|Any CPU
		{4D63ECE3-668A-47EF-A936-A0C0CA2124AE}.Debug|Mixed Platforms.ActiveCfg = Debug|Any CPU
		{4D63ECE3-668A-47EF-A936-A0C0CA2124AE}.Debug|Mixed Platforms.Build.0 = Debug|Any CPU
		{4D63ECE3-668A-47EF-A936-A0C0CA2124AE}.Debug|x64.ActiveCfg = Debug|Any CPU
		{4D63ECE3-668A-47EF-A936-A0C0CA2124AE}.Debug|x64.Build.0 = Debug|Any CPU
		{4D63ECE3-668A-47EF-A936-A0C0CA2124AE}.Debug|x86.ActiveCfg = Debug|Any CPU
		{4D63ECE3-668A-47EF-A936-A0C0CA2124AE}.Debug|x86.Build.0 = Debug|Any CPU
		{4D63ECE3-668A-47EF-A936-A0C0CA2124AE}.Release|Any CPU.ActiveCfg = Release|Any CPU
		{4D63ECE3-668A-47EF-A936-A0C0CA2124AE}.Release|Any CPU.Build.0 = Release|Any CPU
		{4D63ECE3-668A-47EF-A936-A0C0CA2124AE}.Release|ARM.ActiveCfg = Release|Any CPU
		{4D63ECE3-668A-47EF-A936-A0C0CA2124AE}.Release|ARM.Build.0 = Release|Any CPU
		{4D63ECE3-668A-47EF-A936-A0C0CA2124AE}.Release|Mixed Platforms.ActiveCfg = Release|Any CPU
		{4D63ECE3-668A-47EF-A936-A0C0CA2124AE}.Release|Mixed Platforms.Build.0 = Release|Any CPU
		{4D63ECE3-668A-47EF-A936-A0C0CA2124AE}.Release|x64.ActiveCfg = Release|Any CPU
		{4D63ECE3-668A-47EF-A936-A0C0CA2124AE}.Release|x64.Build.0 = Release|Any CPU
		{4D63ECE3-668A-47EF-A936-A0C0CA2124AE}.Release|x86.ActiveCfg = Release|Any CPU
		{4D63ECE3-668A-47EF-A936-A0C0CA2124AE}.Release|x86.Build.0 = Release|Any CPU
		{6ED5AA94-E068-44CE-B7AB-B8398479B034}.Debug|Any CPU.ActiveCfg = Debug|Any CPU
		{6ED5AA94-E068-44CE-B7AB-B8398479B034}.Debug|Any CPU.Build.0 = Debug|Any CPU
		{6ED5AA94-E068-44CE-B7AB-B8398479B034}.Debug|ARM.ActiveCfg = Debug|Any CPU
		{6ED5AA94-E068-44CE-B7AB-B8398479B034}.Debug|ARM.Build.0 = Debug|Any CPU
		{6ED5AA94-E068-44CE-B7AB-B8398479B034}.Debug|Mixed Platforms.ActiveCfg = Debug|Any CPU
		{6ED5AA94-E068-44CE-B7AB-B8398479B034}.Debug|Mixed Platforms.Build.0 = Debug|Any CPU
		{6ED5AA94-E068-44CE-B7AB-B8398479B034}.Debug|x64.ActiveCfg = Debug|Any CPU
		{6ED5AA94-E068-44CE-B7AB-B8398479B034}.Debug|x64.Build.0 = Debug|Any CPU
		{6ED5AA94-E068-44CE-B7AB-B8398479B034}.Debug|x86.ActiveCfg = Debug|Any CPU
		{6ED5AA94-E068-44CE-B7AB-B8398479B034}.Debug|x86.Build.0 = Debug|Any CPU
		{6ED5AA94-E068-44CE-B7AB-B8398479B034}.Release|Any CPU.ActiveCfg = Release|Any CPU
		{6ED5AA94-E068-44CE-B7AB-B8398479B034}.Release|Any CPU.Build.0 = Release|Any CPU
		{6ED5AA94-E068-44CE-B7AB-B8398479B034}.Release|ARM.ActiveCfg = Release|Any CPU
		{6ED5AA94-E068-44CE-B7AB-B8398479B034}.Release|ARM.Build.0 = Release|Any CPU
		{6ED5AA94-E068-44CE-B7AB-B8398479B034}.Release|Mixed Platforms.ActiveCfg = Release|Any CPU
		{6ED5AA94-E068-44CE-B7AB-B8398479B034}.Release|Mixed Platforms.Build.0 = Release|Any CPU
		{6ED5AA94-E068-44CE-B7AB-B8398479B034}.Release|x64.ActiveCfg = Release|Any CPU
		{6ED5AA94-E068-44CE-B7AB-B8398479B034}.Release|x64.Build.0 = Release|Any CPU
		{6ED5AA94-E068-44CE-B7AB-B8398479B034}.Release|x86.ActiveCfg = Release|Any CPU
		{6ED5AA94-E068-44CE-B7AB-B8398479B034}.Release|x86.Build.0 = Release|Any CPU
		{34F524E9-D87B-4E48-8B2B-01FFC562A47F}.Debug|Any CPU.ActiveCfg = Debug|Any CPU
		{34F524E9-D87B-4E48-8B2B-01FFC562A47F}.Debug|Any CPU.Build.0 = Debug|Any CPU
		{34F524E9-D87B-4E48-8B2B-01FFC562A47F}.Debug|ARM.ActiveCfg = Debug|Any CPU
		{34F524E9-D87B-4E48-8B2B-01FFC562A47F}.Debug|ARM.Build.0 = Debug|Any CPU
		{34F524E9-D87B-4E48-8B2B-01FFC562A47F}.Debug|Mixed Platforms.ActiveCfg = Debug|Any CPU
		{34F524E9-D87B-4E48-8B2B-01FFC562A47F}.Debug|Mixed Platforms.Build.0 = Debug|Any CPU
		{34F524E9-D87B-4E48-8B2B-01FFC562A47F}.Debug|x64.ActiveCfg = Debug|Any CPU
		{34F524E9-D87B-4E48-8B2B-01FFC562A47F}.Debug|x64.Build.0 = Debug|Any CPU
		{34F524E9-D87B-4E48-8B2B-01FFC562A47F}.Debug|x86.ActiveCfg = Debug|Any CPU
		{34F524E9-D87B-4E48-8B2B-01FFC562A47F}.Debug|x86.Build.0 = Debug|Any CPU
		{34F524E9-D87B-4E48-8B2B-01FFC562A47F}.Release|Any CPU.ActiveCfg = Release|Any CPU
		{34F524E9-D87B-4E48-8B2B-01FFC562A47F}.Release|Any CPU.Build.0 = Release|Any CPU
		{34F524E9-D87B-4E48-8B2B-01FFC562A47F}.Release|ARM.ActiveCfg = Release|Any CPU
		{34F524E9-D87B-4E48-8B2B-01FFC562A47F}.Release|ARM.Build.0 = Release|Any CPU
		{34F524E9-D87B-4E48-8B2B-01FFC562A47F}.Release|Mixed Platforms.ActiveCfg = Release|Any CPU
		{34F524E9-D87B-4E48-8B2B-01FFC562A47F}.Release|Mixed Platforms.Build.0 = Release|Any CPU
		{34F524E9-D87B-4E48-8B2B-01FFC562A47F}.Release|x64.ActiveCfg = Release|Any CPU
		{34F524E9-D87B-4E48-8B2B-01FFC562A47F}.Release|x64.Build.0 = Release|Any CPU
		{34F524E9-D87B-4E48-8B2B-01FFC562A47F}.Release|x86.ActiveCfg = Release|Any CPU
		{34F524E9-D87B-4E48-8B2B-01FFC562A47F}.Release|x86.Build.0 = Release|Any CPU
		{3B92EAF7-283B-4D03-85A8-9A1CD41186EE}.Debug|Any CPU.ActiveCfg = Debug|Any CPU
		{3B92EAF7-283B-4D03-85A8-9A1CD41186EE}.Debug|Any CPU.Build.0 = Debug|Any CPU
		{3B92EAF7-283B-4D03-85A8-9A1CD41186EE}.Debug|ARM.ActiveCfg = Debug|Any CPU
		{3B92EAF7-283B-4D03-85A8-9A1CD41186EE}.Debug|ARM.Build.0 = Debug|Any CPU
		{3B92EAF7-283B-4D03-85A8-9A1CD41186EE}.Debug|Mixed Platforms.ActiveCfg = Debug|Any CPU
		{3B92EAF7-283B-4D03-85A8-9A1CD41186EE}.Debug|Mixed Platforms.Build.0 = Debug|Any CPU
		{3B92EAF7-283B-4D03-85A8-9A1CD41186EE}.Debug|x64.ActiveCfg = Debug|Any CPU
		{3B92EAF7-283B-4D03-85A8-9A1CD41186EE}.Debug|x64.Build.0 = Debug|Any CPU
		{3B92EAF7-283B-4D03-85A8-9A1CD41186EE}.Debug|x86.ActiveCfg = Debug|Any CPU
		{3B92EAF7-283B-4D03-85A8-9A1CD41186EE}.Debug|x86.Build.0 = Debug|Any CPU
		{3B92EAF7-283B-4D03-85A8-9A1CD41186EE}.Release|Any CPU.ActiveCfg = Release|Any CPU
		{3B92EAF7-283B-4D03-85A8-9A1CD41186EE}.Release|Any CPU.Build.0 = Release|Any CPU
		{3B92EAF7-283B-4D03-85A8-9A1CD41186EE}.Release|ARM.ActiveCfg = Release|Any CPU
		{3B92EAF7-283B-4D03-85A8-9A1CD41186EE}.Release|ARM.Build.0 = Release|Any CPU
		{3B92EAF7-283B-4D03-85A8-9A1CD41186EE}.Release|Mixed Platforms.ActiveCfg = Release|Any CPU
		{3B92EAF7-283B-4D03-85A8-9A1CD41186EE}.Release|Mixed Platforms.Build.0 = Release|Any CPU
		{3B92EAF7-283B-4D03-85A8-9A1CD41186EE}.Release|x64.ActiveCfg = Release|Any CPU
		{3B92EAF7-283B-4D03-85A8-9A1CD41186EE}.Release|x64.Build.0 = Release|Any CPU
		{3B92EAF7-283B-4D03-85A8-9A1CD41186EE}.Release|x86.ActiveCfg = Release|Any CPU
		{3B92EAF7-283B-4D03-85A8-9A1CD41186EE}.Release|x86.Build.0 = Release|Any CPU
		{825678F9-332D-4157-9C41-A16D862030D6}.Debug|Any CPU.ActiveCfg = Debug|Any CPU
		{825678F9-332D-4157-9C41-A16D862030D6}.Debug|Any CPU.Build.0 = Debug|Any CPU
		{825678F9-332D-4157-9C41-A16D862030D6}.Debug|ARM.ActiveCfg = Debug|Any CPU
		{825678F9-332D-4157-9C41-A16D862030D6}.Debug|ARM.Build.0 = Debug|Any CPU
		{825678F9-332D-4157-9C41-A16D862030D6}.Debug|Mixed Platforms.ActiveCfg = Debug|Any CPU
		{825678F9-332D-4157-9C41-A16D862030D6}.Debug|Mixed Platforms.Build.0 = Debug|Any CPU
		{825678F9-332D-4157-9C41-A16D862030D6}.Debug|x64.ActiveCfg = Debug|Any CPU
		{825678F9-332D-4157-9C41-A16D862030D6}.Debug|x64.Build.0 = Debug|Any CPU
		{825678F9-332D-4157-9C41-A16D862030D6}.Debug|x86.ActiveCfg = Debug|Any CPU
		{825678F9-332D-4157-9C41-A16D862030D6}.Debug|x86.Build.0 = Debug|Any CPU
		{825678F9-332D-4157-9C41-A16D862030D6}.Release|Any CPU.ActiveCfg = Release|Any CPU
		{825678F9-332D-4157-9C41-A16D862030D6}.Release|Any CPU.Build.0 = Release|Any CPU
		{825678F9-332D-4157-9C41-A16D862030D6}.Release|ARM.ActiveCfg = Release|Any CPU
		{825678F9-332D-4157-9C41-A16D862030D6}.Release|ARM.Build.0 = Release|Any CPU
		{825678F9-332D-4157-9C41-A16D862030D6}.Release|Mixed Platforms.ActiveCfg = Release|Any CPU
		{825678F9-332D-4157-9C41-A16D862030D6}.Release|Mixed Platforms.Build.0 = Release|Any CPU
		{825678F9-332D-4157-9C41-A16D862030D6}.Release|x64.ActiveCfg = Release|Any CPU
		{825678F9-332D-4157-9C41-A16D862030D6}.Release|x64.Build.0 = Release|Any CPU
		{825678F9-332D-4157-9C41-A16D862030D6}.Release|x86.ActiveCfg = Release|Any CPU
		{825678F9-332D-4157-9C41-A16D862030D6}.Release|x86.Build.0 = Release|Any CPU
		{3B5DCE5E-81BB-44F2-A75F-70E12CAB1B5D}.Debug|Any CPU.ActiveCfg = Debug|Any CPU
		{3B5DCE5E-81BB-44F2-A75F-70E12CAB1B5D}.Debug|Any CPU.Build.0 = Debug|Any CPU
		{3B5DCE5E-81BB-44F2-A75F-70E12CAB1B5D}.Debug|ARM.ActiveCfg = Debug|Any CPU
		{3B5DCE5E-81BB-44F2-A75F-70E12CAB1B5D}.Debug|ARM.Build.0 = Debug|Any CPU
		{3B5DCE5E-81BB-44F2-A75F-70E12CAB1B5D}.Debug|Mixed Platforms.ActiveCfg = Debug|Any CPU
		{3B5DCE5E-81BB-44F2-A75F-70E12CAB1B5D}.Debug|Mixed Platforms.Build.0 = Debug|Any CPU
		{3B5DCE5E-81BB-44F2-A75F-70E12CAB1B5D}.Debug|x64.ActiveCfg = Debug|Any CPU
		{3B5DCE5E-81BB-44F2-A75F-70E12CAB1B5D}.Debug|x64.Build.0 = Debug|Any CPU
		{3B5DCE5E-81BB-44F2-A75F-70E12CAB1B5D}.Debug|x86.ActiveCfg = Debug|Any CPU
		{3B5DCE5E-81BB-44F2-A75F-70E12CAB1B5D}.Debug|x86.Build.0 = Debug|Any CPU
		{3B5DCE5E-81BB-44F2-A75F-70E12CAB1B5D}.Release|Any CPU.ActiveCfg = Release|Any CPU
		{3B5DCE5E-81BB-44F2-A75F-70E12CAB1B5D}.Release|Any CPU.Build.0 = Release|Any CPU
		{3B5DCE5E-81BB-44F2-A75F-70E12CAB1B5D}.Release|ARM.ActiveCfg = Release|Any CPU
		{3B5DCE5E-81BB-44F2-A75F-70E12CAB1B5D}.Release|ARM.Build.0 = Release|Any CPU
		{3B5DCE5E-81BB-44F2-A75F-70E12CAB1B5D}.Release|Mixed Platforms.ActiveCfg = Release|Any CPU
		{3B5DCE5E-81BB-44F2-A75F-70E12CAB1B5D}.Release|Mixed Platforms.Build.0 = Release|Any CPU
		{3B5DCE5E-81BB-44F2-A75F-70E12CAB1B5D}.Release|x64.ActiveCfg = Release|Any CPU
		{3B5DCE5E-81BB-44F2-A75F-70E12CAB1B5D}.Release|x64.Build.0 = Release|Any CPU
		{3B5DCE5E-81BB-44F2-A75F-70E12CAB1B5D}.Release|x86.ActiveCfg = Release|Any CPU
		{3B5DCE5E-81BB-44F2-A75F-70E12CAB1B5D}.Release|x86.Build.0 = Release|Any CPU
		{1151C61E-2D5A-4C51-9B24-665965FFBA2F}.Debug|Any CPU.ActiveCfg = Debug|Any CPU
		{1151C61E-2D5A-4C51-9B24-665965FFBA2F}.Debug|Any CPU.Build.0 = Debug|Any CPU
		{1151C61E-2D5A-4C51-9B24-665965FFBA2F}.Debug|ARM.ActiveCfg = Debug|Any CPU
		{1151C61E-2D5A-4C51-9B24-665965FFBA2F}.Debug|ARM.Build.0 = Debug|Any CPU
		{1151C61E-2D5A-4C51-9B24-665965FFBA2F}.Debug|Mixed Platforms.ActiveCfg = Debug|Any CPU
		{1151C61E-2D5A-4C51-9B24-665965FFBA2F}.Debug|Mixed Platforms.Build.0 = Debug|Any CPU
		{1151C61E-2D5A-4C51-9B24-665965FFBA2F}.Debug|x64.ActiveCfg = Debug|Any CPU
		{1151C61E-2D5A-4C51-9B24-665965FFBA2F}.Debug|x64.Build.0 = Debug|Any CPU
		{1151C61E-2D5A-4C51-9B24-665965FFBA2F}.Debug|x86.ActiveCfg = Debug|Any CPU
		{1151C61E-2D5A-4C51-9B24-665965FFBA2F}.Debug|x86.Build.0 = Debug|Any CPU
		{1151C61E-2D5A-4C51-9B24-665965FFBA2F}.Release|Any CPU.ActiveCfg = Release|Any CPU
		{1151C61E-2D5A-4C51-9B24-665965FFBA2F}.Release|Any CPU.Build.0 = Release|Any CPU
		{1151C61E-2D5A-4C51-9B24-665965FFBA2F}.Release|ARM.ActiveCfg = Release|Any CPU
		{1151C61E-2D5A-4C51-9B24-665965FFBA2F}.Release|ARM.Build.0 = Release|Any CPU
		{1151C61E-2D5A-4C51-9B24-665965FFBA2F}.Release|Mixed Platforms.ActiveCfg = Release|Any CPU
		{1151C61E-2D5A-4C51-9B24-665965FFBA2F}.Release|Mixed Platforms.Build.0 = Release|Any CPU
		{1151C61E-2D5A-4C51-9B24-665965FFBA2F}.Release|x64.ActiveCfg = Release|Any CPU
		{1151C61E-2D5A-4C51-9B24-665965FFBA2F}.Release|x64.Build.0 = Release|Any CPU
		{1151C61E-2D5A-4C51-9B24-665965FFBA2F}.Release|x86.ActiveCfg = Release|Any CPU
		{1151C61E-2D5A-4C51-9B24-665965FFBA2F}.Release|x86.Build.0 = Release|Any CPU
	EndGlobalSection
	GlobalSection(SolutionProperties) = preSolution
		HideSolutionNode = FALSE
	EndGlobalSection
	GlobalSection(NestedProjects) = preSolution
		{E5F8731C-A9B9-4EC6-B232-27523749DE57} = {423B2B6A-E5F8-478C-8450-56AE2A6A791C}
		{7C955877-BD4E-4C44-A058-700E120315DC} = {40896D34-3D05-4073-A71F-543284234FE5}
		{7DAD7898-26FB-482C-AEF5-04F20D9C0599} = {40896D34-3D05-4073-A71F-543284234FE5}
		{AA32D6DF-F804-4878-9EDD-C9BF79BD2FF1} = {40896D34-3D05-4073-A71F-543284234FE5}
		{17B4BCF6-56F4-4FE4-86CB-5E6F2E1F8012} = {40896D34-3D05-4073-A71F-543284234FE5}
		{FA6AD521-2B06-4D3B-937C-968C893AF9F1} = {423B2B6A-E5F8-478C-8450-56AE2A6A791C}
		{4D63ECE3-668A-47EF-A936-A0C0CA2124AE} = {40896D34-3D05-4073-A71F-543284234FE5}
		{6ED5AA94-E068-44CE-B7AB-B8398479B034} = {40896D34-3D05-4073-A71F-543284234FE5}
		{34F524E9-D87B-4E48-8B2B-01FFC562A47F} = {40896D34-3D05-4073-A71F-543284234FE5}
		{3B5DCE5E-81BB-44F2-A75F-70E12CAB1B5D} = {423B2B6A-E5F8-478C-8450-56AE2A6A791C}
		{1151C61E-2D5A-4C51-9B24-665965FFBA2F} = {423B2B6A-E5F8-478C-8450-56AE2A6A791C}
	EndGlobalSection
EndGlobal
