
Microsoft Visual Studio Solution File, Format Version 12.00
# Visual Studio 15
VisualStudioVersion = 15.0.28307.271
MinimumVisualStudioVersion = 10.0.40219.1
Project("{54435603-DBB4-11D2-8724-00A0C9A8B90C}") = "PKCManagement", "PKCManagement\PKCManagement.vdproj", "{D89B7B95-7CEB-4970-94C4-36281AEFEAEC}"
EndProject
Global
	GlobalSection(SolutionConfigurationPlatforms) = preSolution
		Debug|Default = Debug|Default
		Release|Default = Release|Default
	EndGlobalSection
	GlobalSection(ProjectConfigurationPlatforms) = postSolution
		{D89B7B95-7CEB-4970-94C4-36281AEFEAEC}.Debug|Default.ActiveCfg = Debug
		{D89B7B95-7CEB-4970-94C4-36281AEFEAEC}.Debug|Default.Build.0 = Debug
		{D89B7B95-7CEB-4970-94C4-36281AEFEAEC}.Release|Default.ActiveCfg = Release
		{D89B7B95-7CEB-4970-94C4-36281AEFEAEC}.Release|Default.Build.0 = Release
	EndGlobalSection
	GlobalSection(SolutionProperties) = preSolution
		HideSolutionNode = FALSE
	EndGlobalSection
	GlobalSection(ExtensibilityGlobals) = postSolution
		SolutionGuid = {B4E4452D-0BFA-4872-B253-D5EB034CCBCC}
	EndGlobalSection
EndGlobal
