
Microsoft Visual Studio Solution File, Format Version 12.00
# Visual Studio 15
VisualStudioVersion = 15.0.28307.572
MinimumVisualStudioVersion = 10.0.40219.1
Project("{FAE04EC0-301F-11D3-BF4B-00C04F79EFBC}") = "PigeonIDSystem", "PigeonIDSystem\PigeonIDSystem.csproj", "{78AB47CE-6F47-4F44-B5B1-4EBE00E8A259}"
EndProject
Project("{FAE04EC0-301F-11D3-BF4B-00C04F79EFBC}") = "PigeonProgram", "PigeonProgram\PigeonProgram.csproj", "{E5AD48AA-9513-459A-A5CF-ED7723BA79B2}"
EndProject
Global
	GlobalSection(SolutionConfigurationPlatforms) = preSolution
		Debug|Any CPU = Debug|Any CPU
		Debug|x86 = Debug|x86
		Release|Any CPU = Release|Any CPU
		Release|x86 = Release|x86
	EndGlobalSection
	GlobalSection(ProjectConfigurationPlatforms) = postSolution
		{78AB47CE-6F47-4F44-B5B1-4EBE00E8A259}.Debug|Any CPU.ActiveCfg = Debug|Any CPU
		{78AB47CE-6F47-4F44-B5B1-4EBE00E8A259}.Debug|Any CPU.Build.0 = Debug|Any CPU
		{78AB47CE-6F47-4F44-B5B1-4EBE00E8A259}.Debug|x86.ActiveCfg = Debug|Any CPU
		{78AB47CE-6F47-4F44-B5B1-4EBE00E8A259}.Debug|x86.Build.0 = Debug|Any CPU
		{78AB47CE-6F47-4F44-B5B1-4EBE00E8A259}.Release|Any CPU.ActiveCfg = Release|Any CPU
		{78AB47CE-6F47-4F44-B5B1-4EBE00E8A259}.Release|Any CPU.Build.0 = Release|Any CPU
		{78AB47CE-6F47-4F44-B5B1-4EBE00E8A259}.Release|x86.ActiveCfg = Release|Any CPU
		{78AB47CE-6F47-4F44-B5B1-4EBE00E8A259}.Release|x86.Build.0 = Release|Any CPU
		{E5AD48AA-9513-459A-A5CF-ED7723BA79B2}.Debug|Any CPU.ActiveCfg = Debug|x86
		{E5AD48AA-9513-459A-A5CF-ED7723BA79B2}.Debug|x86.ActiveCfg = Debug|x86
		{E5AD48AA-9513-459A-A5CF-ED7723BA79B2}.Debug|x86.Build.0 = Debug|x86
		{E5AD48AA-9513-459A-A5CF-ED7723BA79B2}.Release|Any CPU.ActiveCfg = Release|x86
		{E5AD48AA-9513-459A-A5CF-ED7723BA79B2}.Release|x86.ActiveCfg = Release|x86
		{E5AD48AA-9513-459A-A5CF-ED7723BA79B2}.Release|x86.Build.0 = Release|x86
	EndGlobalSection
	GlobalSection(SolutionProperties) = preSolution
		HideSolutionNode = FALSE
	EndGlobalSection
	GlobalSection(ExtensibilityGlobals) = postSolution
		SolutionGuid = {BAB09B28-D970-4A2C-A47D-86A4048981FF}
	EndGlobalSection
EndGlobal
