
Microsoft Visual Studio Solution File, Format Version 12.00
# Visual Studio 15
VisualStudioVersion = 15.0.28307.572
MinimumVisualStudioVersion = 10.0.40219.1
Project("{FAE04EC0-301F-11D3-BF4B-00C04F79EFBC}") = "PigeonIDSystem", "PigeonIDSystem\PigeonIDSystem.csproj", "{78AB47CE-6F47-4F44-B5B1-4EBE00E8A259}"
EndProject
Project("{FAE04EC0-301F-11D3-BF4B-00C04F79EFBC}") = "PigeonProgram", "PigeonProgram\PigeonProgram.csproj", "{E5AD48AA-9513-459A-A5CF-ED7723BA79B2}"
EndProject
Project("{FAE04EC0-301F-11D3-BF4B-00C04F79EFBC}") = "Helper", "Helper\Helper.csproj", "{6ED5AA94-E068-44CE-B7AB-B8398479B034}"
EndProject
Project("{FAE04EC0-301F-11D3-BF4B-00C04F79EFBC}") = "BusinessLayer", "BusinessLayer\BusinessLayer.csproj", "{042C5713-57C6-4259-806A-0390A71C88C0}"
EndProject
Project("{FAE04EC0-301F-11D3-BF4B-00C04F79EFBC}") = "DataLayer", "DataLayer\DataLayer.csproj", "{925871FC-8258-4E6A-B78D-B74CB23E9FE0}"
EndProject
Project("{FAE04EC0-301F-11D3-BF4B-00C04F79EFBC}") = "SyncEclock", "SyncEclock\SyncEclock.csproj", "{4D86A83F-3542-47CD-BFCD-9BAF90D2F9F6}"
EndProject
Project("{FAE04EC0-301F-11D3-BF4B-00C04F79EFBC}") = "DomainObjects", "DomainObjects\DomainObjects.csproj", "{8323F288-B807-4DFA-B5AF-45DC0BFA1A14}"
EndProject
Global
	GlobalSection(SolutionConfigurationPlatforms) = preSolution
		Debug|Any CPU = Debug|Any CPU
		Debug|x86 = Debug|x86
		Release|Any CPU = Release|Any CPU
		Release|x86 = Release|x86
	EndGlobalSection
	GlobalSection(ProjectConfigurationPlatforms) = postSolution
		{78AB47CE-6F47-4F44-B5B1-4EBE00E8A259}.Debug|Any CPU.ActiveCfg = Debug|Any CPU
		{78AB47CE-6F47-4F44-B5B1-4EBE00E8A259}.Debug|Any CPU.Build.0 = Debug|Any CPU
		{78AB47CE-6F47-4F44-B5B1-4EBE00E8A259}.Debug|x86.ActiveCfg = Debug|Any CPU
		{78AB47CE-6F47-4F44-B5B1-4EBE00E8A259}.Debug|x86.Build.0 = Debug|Any CPU
		{78AB47CE-6F47-4F44-B5B1-4EBE00E8A259}.Release|Any CPU.ActiveCfg = Release|Any CPU
		{78AB47CE-6F47-4F44-B5B1-4EBE00E8A259}.Release|Any CPU.Build.0 = Release|Any CPU
		{78AB47CE-6F47-4F44-B5B1-4EBE00E8A259}.Release|x86.ActiveCfg = Release|Any CPU
		{78AB47CE-6F47-4F44-B5B1-4EBE00E8A259}.Release|x86.Build.0 = Release|Any CPU
		{E5AD48AA-9513-459A-A5CF-ED7723BA79B2}.Debug|Any CPU.ActiveCfg = Debug|x86
		{E5AD48AA-9513-459A-A5CF-ED7723BA79B2}.Debug|x86.ActiveCfg = Debug|x86
		{E5AD48AA-9513-459A-A5CF-ED7723BA79B2}.Debug|x86.Build.0 = Debug|x86
		{E5AD48AA-9513-459A-A5CF-ED7723BA79B2}.Release|Any CPU.ActiveCfg = Release|x86
		{E5AD48AA-9513-459A-A5CF-ED7723BA79B2}.Release|x86.ActiveCfg = Release|x86
		{E5AD48AA-9513-459A-A5CF-ED7723BA79B2}.Release|x86.Build.0 = Release|x86
		{6ED5AA94-E068-44CE-B7AB-B8398479B034}.Debug|Any CPU.ActiveCfg = Debug|Any CPU
		{6ED5AA94-E068-44CE-B7AB-B8398479B034}.Debug|Any CPU.Build.0 = Debug|Any CPU
		{6ED5AA94-E068-44CE-B7AB-B8398479B034}.Debug|x86.ActiveCfg = Debug|Any CPU
		{6ED5AA94-E068-44CE-B7AB-B8398479B034}.Debug|x86.Build.0 = Debug|Any CPU
		{6ED5AA94-E068-44CE-B7AB-B8398479B034}.Release|Any CPU.ActiveCfg = Release|Any CPU
		{6ED5AA94-E068-44CE-B7AB-B8398479B034}.Release|Any CPU.Build.0 = Release|Any CPU
		{6ED5AA94-E068-44CE-B7AB-B8398479B034}.Release|x86.ActiveCfg = Release|Any CPU
		{6ED5AA94-E068-44CE-B7AB-B8398479B034}.Release|x86.Build.0 = Release|Any CPU
		{042C5713-57C6-4259-806A-0390A71C88C0}.Debug|Any CPU.ActiveCfg = Debug|Any CPU
		{042C5713-57C6-4259-806A-0390A71C88C0}.Debug|Any CPU.Build.0 = Debug|Any CPU
		{042C5713-57C6-4259-806A-0390A71C88C0}.Debug|x86.ActiveCfg = Debug|Any CPU
		{042C5713-57C6-4259-806A-0390A71C88C0}.Debug|x86.Build.0 = Debug|Any CPU
		{042C5713-57C6-4259-806A-0390A71C88C0}.Release|Any CPU.ActiveCfg = Release|Any CPU
		{042C5713-57C6-4259-806A-0390A71C88C0}.Release|Any CPU.Build.0 = Release|Any CPU
		{042C5713-57C6-4259-806A-0390A71C88C0}.Release|x86.ActiveCfg = Release|Any CPU
		{042C5713-57C6-4259-806A-0390A71C88C0}.Release|x86.Build.0 = Release|Any CPU
		{925871FC-8258-4E6A-B78D-B74CB23E9FE0}.Debug|Any CPU.ActiveCfg = Debug|Any CPU
		{925871FC-8258-4E6A-B78D-B74CB23E9FE0}.Debug|Any CPU.Build.0 = Debug|Any CPU
		{925871FC-8258-4E6A-B78D-B74CB23E9FE0}.Debug|x86.ActiveCfg = Debug|Any CPU
		{925871FC-8258-4E6A-B78D-B74CB23E9FE0}.Debug|x86.Build.0 = Debug|Any CPU
		{925871FC-8258-4E6A-B78D-B74CB23E9FE0}.Release|Any CPU.ActiveCfg = Release|Any CPU
		{925871FC-8258-4E6A-B78D-B74CB23E9FE0}.Release|Any CPU.Build.0 = Release|Any CPU
		{925871FC-8258-4E6A-B78D-B74CB23E9FE0}.Release|x86.ActiveCfg = Release|Any CPU
		{925871FC-8258-4E6A-B78D-B74CB23E9FE0}.Release|x86.Build.0 = Release|Any CPU
		{4D86A83F-3542-47CD-BFCD-9BAF90D2F9F6}.Debug|Any CPU.ActiveCfg = Debug|Any CPU
		{4D86A83F-3542-47CD-BFCD-9BAF90D2F9F6}.Debug|Any CPU.Build.0 = Debug|Any CPU
		{4D86A83F-3542-47CD-BFCD-9BAF90D2F9F6}.Debug|x86.ActiveCfg = Debug|Any CPU
		{4D86A83F-3542-47CD-BFCD-9BAF90D2F9F6}.Debug|x86.Build.0 = Debug|Any CPU
		{4D86A83F-3542-47CD-BFCD-9BAF90D2F9F6}.Release|Any CPU.ActiveCfg = Release|Any CPU
		{4D86A83F-3542-47CD-BFCD-9BAF90D2F9F6}.Release|Any CPU.Build.0 = Release|Any CPU
		{4D86A83F-3542-47CD-BFCD-9BAF90D2F9F6}.Release|x86.ActiveCfg = Release|Any CPU
		{4D86A83F-3542-47CD-BFCD-9BAF90D2F9F6}.Release|x86.Build.0 = Release|Any CPU
		{8323F288-B807-4DFA-B5AF-45DC0BFA1A14}.Debug|Any CPU.ActiveCfg = Debug|Any CPU
		{8323F288-B807-4DFA-B5AF-45DC0BFA1A14}.Debug|Any CPU.Build.0 = Debug|Any CPU
		{8323F288-B807-4DFA-B5AF-45DC0BFA1A14}.Debug|x86.ActiveCfg = Debug|Any CPU
		{8323F288-B807-4DFA-B5AF-45DC0BFA1A14}.Debug|x86.Build.0 = Debug|Any CPU
		{8323F288-B807-4DFA-B5AF-45DC0BFA1A14}.Release|Any CPU.ActiveCfg = Release|Any CPU
		{8323F288-B807-4DFA-B5AF-45DC0BFA1A14}.Release|Any CPU.Build.0 = Release|Any CPU
		{8323F288-B807-4DFA-B5AF-45DC0BFA1A14}.Release|x86.ActiveCfg = Release|Any CPU
		{8323F288-B807-4DFA-B5AF-45DC0BFA1A14}.Release|x86.Build.0 = Release|Any CPU
	EndGlobalSection
	GlobalSection(SolutionProperties) = preSolution
		HideSolutionNode = FALSE
	EndGlobalSection
	GlobalSection(ExtensibilityGlobals) = postSolution
		SolutionGuid = {BAB09B28-D970-4A2C-A47D-86A4048981FF}
	EndGlobalSection
EndGlobal
